// !$*UTF8*$!
{
	archiveVersion = 1;
	classes = {
	};
	objectVersion = 46;
	objects = {

/* Begin PBXBuildFile section */
		41FF8A0F19DDD22F00A2B8F8 /* AppDelegate.swift in Sources */ = {isa = PBXBuildFile; fileRef = 41FF8A0E19DDD22F00A2B8F8 /* AppDelegate.swift */; };
		41FF8A1119DDD22F00A2B8F8 /* ViewController.swift in Sources */ = {isa = PBXBuildFile; fileRef = 41FF8A1019DDD22F00A2B8F8 /* ViewController.swift */; };
		41FF8A1419DDD22F00A2B8F8 /* Main.storyboard in Resources */ = {isa = PBXBuildFile; fileRef = 41FF8A1219DDD22F00A2B8F8 /* Main.storyboard */; };
		41FF8A1619DDD22F00A2B8F8 /* Images.xcassets in Resources */ = {isa = PBXBuildFile; fileRef = 41FF8A1519DDD22F00A2B8F8 /* Images.xcassets */; };
		41FF8A1919DDD22F00A2B8F8 /* LaunchScreen.xib in Resources */ = {isa = PBXBuildFile; fileRef = 41FF8A1719DDD22F00A2B8F8 /* LaunchScreen.xib */; };
		41FF8A2519DDD22F00A2B8F8 /* CatYearsTests.swift in Sources */ = {isa = PBXBuildFile; fileRef = 41FF8A2419DDD22F00A2B8F8 /* CatYearsTests.swift */; };
		41FF8A2F19DDE2A800A2B8F8 /* cat.png in Resources */ = {isa = PBXBuildFile; fileRef = 41FF8A2E19DDE2A800A2B8F8 /* cat.png */; };
/* End PBXBuildFile section */

/* Begin PBXContainerItemProxy section */
		41FF8A1F19DDD22F00A2B8F8 /* PBXContainerItemProxy */ = {
			isa = PBXContainerItemProxy;
			containerPortal = 41FF8A0119DDD22E00A2B8F8 /* Project object */;
			proxyType = 1;
			remoteGlobalIDString = 41FF8A0819DDD22E00A2B8F8;
			remoteInfo = CatYears;
		};
/* End PBXContainerItemProxy section */

/* Begin PBXFileReference section */
		41FF8A0919DDD22F00A2B8F8 /* CatYears.app */ = {isa = PBXFileReference; explicitFileType = wrapper.application; includeInIndex = 0; path = CatYears.app; sourceTree = BUILT_PRODUCTS_DIR; };
		41FF8A0D19DDD22F00A2B8F8 /* Info.plist */ = {isa = PBXFileReference; lastKnownFileType = text.plist.xml; path = Info.plist; sourceTree = "<group>"; };
		41FF8A0E19DDD22F00A2B8F8 /* AppDelegate.swift */ = {isa = PBXFileReference; lastKnownFileType = sourcecode.swift; path = AppDelegate.swift; sourceTree = "<group>"; };
		41FF8A1019DDD22F00A2B8F8 /* ViewController.swift */ = {isa = PBXFileReference; lastKnownFileType = sourcecode.swift; path = ViewController.swift; sourceTree = "<group>"; };
		41FF8A1319DDD22F00A2B8F8 /* Base */ = {isa = PBXFileReference; lastKnownFileType = file.storyboard; name = Base; path = Base.lproj/Main.storyboard; sourceTree = "<group>"; };
		41FF8A1519DDD22F00A2B8F8 /* Images.xcassets */ = {isa = PBXFileReference; lastKnownFileType = folder.assetcatalog; path = Images.xcassets; sourceTree = "<group>"; };
		41FF8A1819DDD22F00A2B8F8 /* Base */ = {isa = PBXFileReference; lastKnownFileType = file.xib; name = Base; path = Base.lproj/LaunchScreen.xib; sourceTree = "<group>"; };
		41FF8A1E19DDD22F00A2B8F8 /* CatYearsTests.xctest */ = {isa = PBXFileReference; explicitFileType = wrapper.cfbundle; includeInIndex = 0; path = CatYearsTests.xctest; sourceTree = BUILT_PRODUCTS_DIR; };
		41FF8A2319DDD22F00A2B8F8 /* Info.plist */ = {isa = PBXFileReference; lastKnownFileType = text.plist.xml; path = Info.plist; sourceTree = "<group>"; };
		41FF8A2419DDD22F00A2B8F8 /* CatYearsTests.swift */ = {isa = PBXFileReference; lastKnownFileType = sourcecode.swift; path = CatYearsTests.swift; sourceTree = "<group>"; };
		41FF8A2E19DDE2A800A2B8F8 /* cat.png */ = {isa = PBXFileReference; lastKnownFileType = image.png; path = cat.png; sourceTree = "<group>"; };
/* End PBXFileReference section */

/* Begin PBXFrameworksBuildPhase section */
		41FF8A0619DDD22E00A2B8F8 /* Frameworks */ = {
			isa = PBXFrameworksBuildPhase;
			buildActionMask = 2147483647;
			files = (
			);
			runOnlyForDeploymentPostprocessing = 0;
		};
		41FF8A1B19DDD22F00A2B8F8 /* Frameworks */ = {
			isa = PBXFrameworksBuildPhase;
			buildActionMask = 2147483647;
			files = (
			);
			runOnlyForDeploymentPostprocessing = 0;
		};
/* End PBXFrameworksBuildPhase section */

/* Begin PBXGroup section */
		41FF8A0019DDD22E00A2B8F8 = {
			isa = PBXGroup;
			children = (
				41FF8A0B19DDD22F00A2B8F8 /* CatYears */,
				41FF8A2119DDD22F00A2B8F8 /* CatYearsTests */,
				41FF8A0A19DDD22F00A2B8F8 /* Products */,
			);
			sourceTree = "<group>";
		};
		41FF8A0A19DDD22F00A2B8F8 /* Products */ = {
			isa = PBXGroup;
			children = (
				41FF8A0919DDD22F00A2B8F8 /* CatYears.app */,
				41FF8A1E19DDD22F00A2B8F8 /* CatYearsTests.xctest */,
			);
			name = Products;
			sourceTree = "<group>";
		};
		41FF8A0B19DDD22F00A2B8F8 /* CatYears */ = {
			isa = PBXGroup;
			children = (
				41FF8A0E19DDD22F00A2B8F8 /* AppDelegate.swift */,
				41FF8A1019DDD22F00A2B8F8 /* ViewController.swift */,
				41FF8A1219DDD22F00A2B8F8 /* Main.storyboard */,
				41FF8A1519DDD22F00A2B8F8 /* Images.xcassets */,
				41FF8A2E19DDE2A800A2B8F8 /* cat.png */,
				41FF8A1719DDD22F00A2B8F8 /* LaunchScreen.xib */,
				41FF8A0C19DDD22F00A2B8F8 /* Supporting Files */,
			);
			path = CatYears;
			sourceTree = "<group>";
		};
		41FF8A0C19DDD22F00A2B8F8 /* Supporting Files */ = {
			isa = PBXGroup;
			children = (
				41FF8A0D19DDD22F00A2B8F8 /* Info.plist */,
			);
			name = "Supporting Files";
			sourceTree = "<group>";
		};
		41FF8A2119DDD22F00A2B8F8 /* CatYearsTests */ = {
			isa = PBXGroup;
			children = (
				41FF8A2419DDD22F00A2B8F8 /* CatYearsTests.swift */,
				41FF8A2219DDD22F00A2B8F8 /* Supporting Files */,
			);
			path = CatYearsTests;
			sourceTree = "<group>";
		};
		41FF8A2219DDD22F00A2B8F8 /* Supporting Files */ = {
			isa = PBXGroup;
			children = (
				41FF8A2319DDD22F00A2B8F8 /* Info.plist */,
			);
			name = "Supporting Files";
			sourceTree = "<group>";
		};
/* End PBXGroup section */

/* Begin PBXNativeTarget section */
		41FF8A0819DDD22E00A2B8F8 /* CatYears */ = {
			isa = PBXNativeTarget;
			buildConfigurationList = 41FF8A2819DDD22F00A2B8F8 /* Build configuration list for PBXNativeTarget "CatYears" */;
			buildPhases = (
				41FF8A0519DDD22E00A2B8F8 /* Sources */,
				41FF8A0619DDD22E00A2B8F8 /* Frameworks */,
				41FF8A0719DDD22E00A2B8F8 /* Resources */,
			);
			buildRules = (
			);
			dependencies = (
			);
			name = CatYears;
			productName = CatYears;
			productReference = 41FF8A0919DDD22F00A2B8F8 /* CatYears.app */;
			productType = "com.apple.product-type.application";
		};
		41FF8A1D19DDD22F00A2B8F8 /* CatYearsTests */ = {
			isa = PBXNativeTarget;
			buildConfigurationList = 41FF8A2B19DDD22F00A2B8F8 /* Build configuration list for PBXNativeTarget "CatYearsTests" */;
			buildPhases = (
				41FF8A1A19DDD22F00A2B8F8 /* Sources */,
				41FF8A1B19DDD22F00A2B8F8 /* Frameworks */,
				41FF8A1C19DDD22F00A2B8F8 /* Resources */,
			);
			buildRules = (
			);
			dependencies = (
				41FF8A2019DDD22F00A2B8F8 /* PBXTargetDependency */,
			);
			name = CatYearsTests;
			productName = CatYearsTests;
			productReference = 41FF8A1E19DDD22F00A2B8F8 /* CatYearsTests.xctest */;
			productType = "com.apple.product-type.bundle.unit-test";
		};
/* End PBXNativeTarget section */

/* Begin PBXProject section */
		41FF8A0119DDD22E00A2B8F8 /* Project object */ = {
			isa = PBXProject;
			attributes = {
				LastUpgradeCheck = 0600;
				ORGANIZATIONNAME = "Ramesh Vaidyalingam";
				TargetAttributes = {
					41FF8A0819DDD22E00A2B8F8 = {
						CreatedOnToolsVersion = 6.0.1;
					};
					41FF8A1D19DDD22F00A2B8F8 = {
						CreatedOnToolsVersion = 6.0.1;
						TestTargetID = 41FF8A0819DDD22E00A2B8F8;
					};
				};
			};
			buildConfigurationList = 41FF8A0419DDD22E00A2B8F8 /* Build configuration list for PBXProject "CatYears" */;
			compatibilityVersion = "Xcode 3.2";
			developmentRegion = English;
			hasScannedForEncodings = 0;
			knownRegions = (
				en,
				Base,
			);
			mainGroup = 41FF8A0019DDD22E00A2B8F8;
			productRefGroup = 41FF8A0A19DDD22F00A2B8F8 /* Products */;
			projectDirPath = "";
			projectRoot = "";
			targets = (
				41FF8A0819DDD22E00A2B8F8 /* CatYears */,
				41FF8A1D19DDD22F00A2B8F8 /* CatYearsTests */,
			);
		};
/* End PBXProject section */

/* Begin PBXResourcesBuildPhase section */
		41FF8A0719DDD22E00A2B8F8 /* Resources */ = {
			isa = PBXResourcesBuildPhase;
			buildActionMask = 2147483647;
			files = (
				41FF8A1419DDD22F00A2B8F8 /* Main.storyboard in Resources */,
				41FF8A1919DDD22F00A2B8F8 /* LaunchScreen.xib in Resources */,
				41FF8A2F19DDE2A800A2B8F8 /* cat.png in Resources */,
				41FF8A1619DDD22F00A2B8F8 /* Images.xcassets in Resources */,
			);
			runOnlyForDeploymentPostprocessing = 0;
		};
		41FF8A1C19DDD22F00A2B8F8 /* Resources */ = {
			isa = PBXResourcesBuildPhase;
			buildActionMask = 2147483647;
			files = (
			);
			runOnlyForDeploymentPostprocessing = 0;
		};
/* End PBXResourcesBuildPhase section */

/* Begin PBXSourcesBuildPhase section */
		41FF8A0519DDD22E00A2B8F8 /* Sources */ = {
			isa = PBXSourcesBuildPhase;
			buildActionMask = 2147483647;
			files = (
				41FF8A1119DDD22F00A2B8F8 /* ViewController.swift in Sources */,
				41FF8A0F19DDD22F00A2B8F8 /* AppDelegate.swift in Sources */,
			);
			runOnlyForDeploymentPostprocessing = 0;
		};
		41FF8A1A19DDD22F00A2B8F8 /* Sources */ = {
			isa = PBXSourcesBuildPhase;
			buildActionMask = 2147483647;
			files = (
				41FF8A2519DDD22F00A2B8F8 /* CatYearsTests.swift in Sources */,
			);
			runOnlyForDeploymentPostprocessing = 0;
		};
/* End PBXSourcesBuildPhase section */

/* Begin PBXTargetDependency section */
		41FF8A2019DDD22F00A2B8F8 /* PBXTargetDependency */ = {
			isa = PBXTargetDependency;
			target = 41FF8A0819DDD22E00A2B8F8 /* CatYears */;
			targetProxy = 41FF8A1F19DDD22F00A2B8F8 /* PBXContainerItemProxy */;
		};
/* End PBXTargetDependency section */

/* Begin PBXVariantGroup section */
		41FF8A1219DDD22F00A2B8F8 /* Main.storyboard */ = {
			isa = PBXVariantGroup;
			children = (
				41FF8A1319DDD22F00A2B8F8 /* Base */,
			);
			name = Main.storyboard;
			sourceTree = "<group>";
		};
		41FF8A1719DDD22F00A2B8F8 /* LaunchScreen.xib */ = {
			isa = PBXVariantGroup;
			children = (
				41FF8A1819DDD22F00A2B8F8 /* Base */,
			);
			name = LaunchScreen.xib;
			sourceTree = "<group>";
		};
/* End PBXVariantGroup section */

/* Begin XCBuildConfiguration section */
		41FF8A2619DDD22F00A2B8F8 /* Debug */ = {
			isa = XCBuildConfiguration;
			buildSettings = {
				ALWAYS_SEARCH_USER_PATHS = NO;
				CLANG_CXX_LANGUAGE_STANDARD = "gnu++0x";
				CLANG_CXX_LIBRARY = "libc++";
				CLANG_ENABLE_MODULES = YES;
				CLANG_ENABLE_OBJC_ARC = YES;
				CLANG_WARN_BOOL_CONVERSION = YES;
				CLANG_WARN_CONSTANT_CONVERSION = YES;
				CLANG_WARN_DIRECT_OBJC_ISA_USAGE = YES_ERROR;
				CLANG_WARN_EMPTY_BODY = YES;
				CLANG_WARN_ENUM_CONVERSION = YES;
				CLANG_WARN_INT_CONVERSION = YES;
				CLANG_WARN_OBJC_ROOT_CLASS = YES_ERROR;
				CLANG_WARN_UNREACHABLE_CODE = YES;
				CLANG_WARN__DUPLICATE_METHOD_MATCH = YES;
				"CODE_SIGN_IDENTITY[sdk=iphoneos*]" = "iPhone Developer";
				COPY_PHASE_STRIP = NO;
				ENABLE_STRICT_OBJC_MSGSEND = YES;
				GCC_C_LANGUAGE_STANDARD = gnu99;
				GCC_DYNAMIC_NO_PIC = NO;
				GCC_OPTIMIZATION_LEVEL = 0;
				GCC_PREPROCESSOR_DEFINITIONS = (
					"DEBUG=1",
					"$(inherited)",
				);
				GCC_SYMBOLS_PRIVATE_EXTERN = NO;
				GCC_WARN_64_TO_32_BIT_CONVERSION = YES;
				GCC_WARN_ABOUT_RETURN_TYPE = YES_ERROR;
				GCC_WARN_UNDECLARED_SELECTOR = YES;
				GCC_WARN_UNINITIALIZED_AUTOS = YES_AGGRESSIVE;
				GCC_WARN_UNUSED_FUNCTION = YES;
				GCC_WARN_UNUSED_VARIABLE = YES;
				IPHONEOS_DEPLOYMENT_TARGET = 8.0;
				MTL_ENABLE_DEBUG_INFO = YES;
				ONLY_ACTIVE_ARCH = YES;
				SDKROOT = iphoneos;
				SWIFT_OPTIMIZATION_LEVEL = "-Onone";
			};
			name = Debug;
		};
		41FF8A2719DDD22F00A2B8F8 /* Release */ = {
			isa = XCBuildConfiguration;
			buildSettings = {
				ALWAYS_SEARCH_USER_PATHS = NO;
				CLANG_CXX_LANGUAGE_STANDARD = "gnu++0x";
				CLANG_CXX_LIBRARY = "libc++";
				CLANG_ENABLE_MODULES = YES;
				CLANG_ENABLE_OBJC_ARC = YES;
				CLANG_WARN_BOOL_CONVERSION = YES;
				CLANG_WARN_CONSTANT_CONVERSION = YES;
				CLANG_WARN_DIRECT_OBJC_ISA_USAGE = YES_ERROR;
				CLANG_WARN_EMPTY_BODY = YES;
				CLANG_WARN_ENUM_CONVERSION = YES;
				CLANG_WARN_INT_CONVERSION = YES;
				CLANG_WARN_OBJC_ROOT_CLASS = YES_ERROR;
				CLANG_WARN_UNREACHABLE_CODE = YES;
				CLANG_WARN__DUPLICATE_METHOD_MATCH = YES;
				"CODE_SIGN_IDENTITY[sdk=iphoneos*]" = "iPhone Developer";
				COPY_PHASE_STRIP = YES;
				ENABLE_NS_ASSERTIONS = NO;
				ENABLE_STRICT_OBJC_MSGSEND = YES;
				GCC_C_LANGUAGE_STANDARD = gnu99;
				GCC_WARN_64_TO_32_BIT_CONVERSION = YES;
				GCC_WARN_ABOUT_RETURN_TYPE = YES_ERROR;
				GCC_WARN_UNDECLARED_SELECTOR = YES;
				GCC_WARN_UNINITIALIZED_AUTOS = YES_AGGRESSIVE;
				GCC_WARN_UNUSED_FUNCTION = YES;
				GCC_WARN_UNUSED_VARIABLE = YES;
				IPHONEOS_DEPLOYMENT_TARGET = 8.0;
				MTL_ENABLE_DEBUG_INFO = NO;
				SDKROOT = iphoneos;
				VALIDATE_PRODUCT = YES;
			};
			name = Release;
		};
		41FF8A2919DDD22F00A2B8F8 /* Debug */ = {
			isa = XCBuildConfiguration;
			buildSettings = {
				ASSETCATALOG_COMPILER_APPICON_NAME = AppIcon;
				INFOPLIST_FILE = CatYears/Info.plist;
				LD_RUNPATH_SEARCH_PATHS = "$(inherited) @executable_path/Frameworks";
				PRODUCT_NAME = "$(TARGET_NAME)";
			};
			name = Debug;
		};
		41FF8A2A19DDD22F00A2B8F8 /* Release */ = {
			isa = XCBuildConfiguration;
			buildSettings = {
				ASSETCATALOG_COMPILER_APPICON_NAME = AppIcon;
				INFOPLIST_FILE = CatYears/Info.plist;
				LD_RUNPATH_SEARCH_PATHS = "$(inherited) @executable_path/Frameworks";
				PRODUCT_NAME = "$(TARGET_NAME)";
			};
			name = Release;
		};
		41FF8A2C19DDD22F00A2B8F8 /* Debug */ = {
			isa = XCBuildConfiguration;
			buildSettings = {
				BUNDLE_LOADER = "$(TEST_HOST)";
				FRAMEWORK_SEARCH_PATHS = (
					"$(SDKROOT)/Developer/Library/Frameworks",
					"$(inherited)",
				);
				GCC_PREPROCESSOR_DEFINITIONS = (
					"DEBUG=1",
					"$(inherited)",
				);
				INFOPLIST_FILE = CatYearsTests/Info.plist;
				LD_RUNPATH_SEARCH_PATHS = "$(inherited) @executable_path/Frameworks @loader_path/Frameworks";
				PRODUCT_NAME = "$(TARGET_NAME)";
				TEST_HOST = "$(BUILT_PRODUCTS_DIR)/CatYears.app/CatYears";
			};
			name = Debug;
		};
		41FF8A2D19DDD22F00A2B8F8 /* Release */ = {
			isa = XCBuildConfiguration;
			buildSettings = {
				BUNDLE_LOADER = "$(TEST_HOST)";
				FRAMEWORK_SEARCH_PATHS = (
					"$(SDKROOT)/Developer/Library/Frameworks",
					"$(inherited)",
				);
				INFOPLIST_FILE = CatYearsTests/Info.plist;
				LD_RUNPATH_SEARCH_PATHS = "$(inherited) @executable_path/Frameworks @loader_path/Frameworks";
				PRODUCT_NAME = "$(TARGET_NAME)";
				TEST_HOST = "$(BUILT_PRODUCTS_DIR)/CatYears.app/CatYears";
			};
			name = Release;
		};
/* End XCBuildConfiguration section */

/* Begin XCConfigurationList section */
		41FF8A0419DDD22E00A2B8F8 /* Build configuration list for PBXProject "CatYears" */ = {
			isa = XCConfigurationList;
			buildConfigurations = (
				41FF8A2619DDD22F00A2B8F8 /* Debug */,
				41FF8A2719DDD22F00A2B8F8 /* Release */,
			);
			defaultConfigurationIsVisible = 0;
			defaultConfigurationName = Release;
		};
		41FF8A2819DDD22F00A2B8F8 /* Build configuration list for PBXNativeTarget "CatYears" */ = {
			isa = XCConfigurationList;
			buildConfigurations = (
				41FF8A2919DDD22F00A2B8F8 /* Debug */,
				41FF8A2A19DDD22F00A2B8F8 /* Release */,
			);
			defaultConfigurationIsVisible = 0;
		};
		41FF8A2B19DDD22F00A2B8F8 /* Build configuration list for PBXNativeTarget "CatYearsTests" */ = {
			isa = XCConfigurationList;
			buildConfigurations = (
				41FF8A2C19DDD22F00A2B8F8 /* Debug */,
				41FF8A2D19DDD22F00A2B8F8 /* Release */,
			);
			defaultConfigurationIsVisible = 0;
		};
/* End XCConfigurationList section */
	};
	rootObject = 41FF8A0119DDD22E00A2B8F8 /* Project object */;
}
