// !$*UTF8*$!
{
	archiveVersion = 1;
	classes = {
	};
	objectVersion = 46;
	objects = {

/* Begin PBXBuildFile section */
		4107392F1A64EBBF00019AB7 /* AppDelegate.swift in Sources */ = {isa = PBXBuildFile; fileRef = 4107392E1A64EBBF00019AB7 /* AppDelegate.swift */; };
		410739311A64EBBF00019AB7 /* ViewController.swift in Sources */ = {isa = PBXBuildFile; fileRef = 410739301A64EBBF00019AB7 /* ViewController.swift */; };
		410739341A64EBBF00019AB7 /* Main.storyboard in Resources */ = {isa = PBXBuildFile; fileRef = 410739321A64EBBF00019AB7 /* Main.storyboard */; };
		410739361A64EBBF00019AB7 /* Images.xcassets in Resources */ = {isa = PBXBuildFile; fileRef = 410739351A64EBBF00019AB7 /* Images.xcassets */; };
		410739391A64EBBF00019AB7 /* LaunchScreen.xib in Resources */ = {isa = PBXBuildFile; fileRef = 410739371A64EBBF00019AB7 /* LaunchScreen.xib */; };
		410739451A64EBBF00019AB7 /* DraggingTests.swift in Sources */ = {isa = PBXBuildFile; fileRef = 410739441A64EBBF00019AB7 /* DraggingTests.swift */; };
/* End PBXBuildFile section */

/* Begin PBXContainerItemProxy section */
		4107393F1A64EBBF00019AB7 /* PBXContainerItemProxy */ = {
			isa = PBXContainerItemProxy;
			containerPortal = 410739211A64EBBF00019AB7 /* Project object */;
			proxyType = 1;
			remoteGlobalIDString = 410739281A64EBBF00019AB7;
			remoteInfo = Dragging;
		};
/* End PBXContainerItemProxy section */

/* Begin PBXFileReference section */
		410739291A64EBBF00019AB7 /* Dragging.app */ = {isa = PBXFileReference; explicitFileType = wrapper.application; includeInIndex = 0; path = Dragging.app; sourceTree = BUILT_PRODUCTS_DIR; };
		4107392D1A64EBBF00019AB7 /* Info.plist */ = {isa = PBXFileReference; lastKnownFileType = text.plist.xml; path = Info.plist; sourceTree = "<group>"; };
		4107392E1A64EBBF00019AB7 /* AppDelegate.swift */ = {isa = PBXFileReference; lastKnownFileType = sourcecode.swift; path = AppDelegate.swift; sourceTree = "<group>"; };
		410739301A64EBBF00019AB7 /* ViewController.swift */ = {isa = PBXFileReference; lastKnownFileType = sourcecode.swift; path = ViewController.swift; sourceTree = "<group>"; };
		410739331A64EBBF00019AB7 /* Base */ = {isa = PBXFileReference; lastKnownFileType = file.storyboard; name = Base; path = Base.lproj/Main.storyboard; sourceTree = "<group>"; };
		410739351A64EBBF00019AB7 /* Images.xcassets */ = {isa = PBXFileReference; lastKnownFileType = folder.assetcatalog; path = Images.xcassets; sourceTree = "<group>"; };
		410739381A64EBBF00019AB7 /* Base */ = {isa = PBXFileReference; lastKnownFileType = file.xib; name = Base; path = Base.lproj/LaunchScreen.xib; sourceTree = "<group>"; };
		4107393E1A64EBBF00019AB7 /* DraggingTests.xctest */ = {isa = PBXFileReference; explicitFileType = wrapper.cfbundle; includeInIndex = 0; path = DraggingTests.xctest; sourceTree = BUILT_PRODUCTS_DIR; };
		410739431A64EBBF00019AB7 /* Info.plist */ = {isa = PBXFileReference; lastKnownFileType = text.plist.xml; path = Info.plist; sourceTree = "<group>"; };
		410739441A64EBBF00019AB7 /* DraggingTests.swift */ = {isa = PBXFileReference; lastKnownFileType = sourcecode.swift; path = DraggingTests.swift; sourceTree = "<group>"; };
/* End PBXFileReference section */

/* Begin PBXFrameworksBuildPhase section */
		410739261A64EBBF00019AB7 /* Frameworks */ = {
			isa = PBXFrameworksBuildPhase;
			buildActionMask = 2147483647;
			files = (
			);
			runOnlyForDeploymentPostprocessing = 0;
		};
		4107393B1A64EBBF00019AB7 /* Frameworks */ = {
			isa = PBXFrameworksBuildPhase;
			buildActionMask = 2147483647;
			files = (
			);
			runOnlyForDeploymentPostprocessing = 0;
		};
/* End PBXFrameworksBuildPhase section */

/* Begin PBXGroup section */
		410739201A64EBBF00019AB7 = {
			isa = PBXGroup;
			children = (
				4107392B1A64EBBF00019AB7 /* Dragging */,
				410739411A64EBBF00019AB7 /* DraggingTests */,
				4107392A1A64EBBF00019AB7 /* Products */,
			);
			sourceTree = "<group>";
		};
		4107392A1A64EBBF00019AB7 /* Products */ = {
			isa = PBXGroup;
			children = (
				410739291A64EBBF00019AB7 /* Dragging.app */,
				4107393E1A64EBBF00019AB7 /* DraggingTests.xctest */,
			);
			name = Products;
			sourceTree = "<group>";
		};
		4107392B1A64EBBF00019AB7 /* Dragging */ = {
			isa = PBXGroup;
			children = (
				4107392E1A64EBBF00019AB7 /* AppDelegate.swift */,
				410739301A64EBBF00019AB7 /* ViewController.swift */,
				410739321A64EBBF00019AB7 /* Main.storyboard */,
				410739351A64EBBF00019AB7 /* Images.xcassets */,
				410739371A64EBBF00019AB7 /* LaunchScreen.xib */,
				4107392C1A64EBBF00019AB7 /* Supporting Files */,
			);
			path = Dragging;
			sourceTree = "<group>";
		};
		4107392C1A64EBBF00019AB7 /* Supporting Files */ = {
			isa = PBXGroup;
			children = (
				4107392D1A64EBBF00019AB7 /* Info.plist */,
			);
			name = "Supporting Files";
			sourceTree = "<group>";
		};
		410739411A64EBBF00019AB7 /* DraggingTests */ = {
			isa = PBXGroup;
			children = (
				410739441A64EBBF00019AB7 /* DraggingTests.swift */,
				410739421A64EBBF00019AB7 /* Supporting Files */,
			);
			path = DraggingTests;
			sourceTree = "<group>";
		};
		410739421A64EBBF00019AB7 /* Supporting Files */ = {
			isa = PBXGroup;
			children = (
				410739431A64EBBF00019AB7 /* Info.plist */,
			);
			name = "Supporting Files";
			sourceTree = "<group>";
		};
/* End PBXGroup section */

/* Begin PBXNativeTarget section */
		410739281A64EBBF00019AB7 /* Dragging */ = {
			isa = PBXNativeTarget;
			buildConfigurationList = 410739481A64EBBF00019AB7 /* Build configuration list for PBXNativeTarget "Dragging" */;
			buildPhases = (
				410739251A64EBBF00019AB7 /* Sources */,
				410739261A64EBBF00019AB7 /* Frameworks */,
				410739271A64EBBF00019AB7 /* Resources */,
			);
			buildRules = (
			);
			dependencies = (
			);
			name = Dragging;
			productName = Dragging;
			productReference = 410739291A64EBBF00019AB7 /* Dragging.app */;
			productType = "com.apple.product-type.application";
		};
		4107393D1A64EBBF00019AB7 /* DraggingTests */ = {
			isa = PBXNativeTarget;
			buildConfigurationList = 4107394B1A64EBBF00019AB7 /* Build configuration list for PBXNativeTarget "DraggingTests" */;
			buildPhases = (
				4107393A1A64EBBF00019AB7 /* Sources */,
				4107393B1A64EBBF00019AB7 /* Frameworks */,
				4107393C1A64EBBF00019AB7 /* Resources */,
			);
			buildRules = (
			);
			dependencies = (
				410739401A64EBBF00019AB7 /* PBXTargetDependency */,
			);
			name = DraggingTests;
			productName = DraggingTests;
			productReference = 4107393E1A64EBBF00019AB7 /* DraggingTests.xctest */;
			productType = "com.apple.product-type.bundle.unit-test";
		};
/* End PBXNativeTarget section */

/* Begin PBXProject section */
		410739211A64EBBF00019AB7 /* Project object */ = {
			isa = PBXProject;
			attributes = {
				LastUpgradeCheck = 0610;
				ORGANIZATIONNAME = "Ramesh Vaidyalingam";
				TargetAttributes = {
					410739281A64EBBF00019AB7 = {
						CreatedOnToolsVersion = 6.1.1;
					};
					4107393D1A64EBBF00019AB7 = {
						CreatedOnToolsVersion = 6.1.1;
						TestTargetID = 410739281A64EBBF00019AB7;
					};
				};
			};
			buildConfigurationList = 410739241A64EBBF00019AB7 /* Build configuration list for PBXProject "Dragging" */;
			compatibilityVersion = "Xcode 3.2";
			developmentRegion = English;
			hasScannedForEncodings = 0;
			knownRegions = (
				en,
				Base,
			);
			mainGroup = 410739201A64EBBF00019AB7;
			productRefGroup = 4107392A1A64EBBF00019AB7 /* Products */;
			projectDirPath = "";
			projectRoot = "";
			targets = (
				410739281A64EBBF00019AB7 /* Dragging */,
				4107393D1A64EBBF00019AB7 /* DraggingTests */,
			);
		};
/* End PBXProject section */

/* Begin PBXResourcesBuildPhase section */
		410739271A64EBBF00019AB7 /* Resources */ = {
			isa = PBXResourcesBuildPhase;
			buildActionMask = 2147483647;
			files = (
				410739341A64EBBF00019AB7 /* Main.storyboard in Resources */,
				410739391A64EBBF00019AB7 /* LaunchScreen.xib in Resources */,
				410739361A64EBBF00019AB7 /* Images.xcassets in Resources */,
			);
			runOnlyForDeploymentPostprocessing = 0;
		};
		4107393C1A64EBBF00019AB7 /* Resources */ = {
			isa = PBXResourcesBuildPhase;
			buildActionMask = 2147483647;
			files = (
			);
			runOnlyForDeploymentPostprocessing = 0;
		};
/* End PBXResourcesBuildPhase section */

/* Begin PBXSourcesBuildPhase section */
		410739251A64EBBF00019AB7 /* Sources */ = {
			isa = PBXSourcesBuildPhase;
			buildActionMask = 2147483647;
			files = (
				410739311A64EBBF00019AB7 /* ViewController.swift in Sources */,
				4107392F1A64EBBF00019AB7 /* AppDelegate.swift in Sources */,
			);
			runOnlyForDeploymentPostprocessing = 0;
		};
		4107393A1A64EBBF00019AB7 /* Sources */ = {
			isa = PBXSourcesBuildPhase;
			buildActionMask = 2147483647;
			files = (
				410739451A64EBBF00019AB7 /* DraggingTests.swift in Sources */,
			);
			runOnlyForDeploymentPostprocessing = 0;
		};
/* End PBXSourcesBuildPhase section */

/* Begin PBXTargetDependency section */
		410739401A64EBBF00019AB7 /* PBXTargetDependency */ = {
			isa = PBXTargetDependency;
			target = 410739281A64EBBF00019AB7 /* Dragging */;
			targetProxy = 4107393F1A64EBBF00019AB7 /* PBXContainerItemProxy */;
		};
/* End PBXTargetDependency section */

/* Begin PBXVariantGroup section */
		410739321A64EBBF00019AB7 /* Main.storyboard */ = {
			isa = PBXVariantGroup;
			children = (
				410739331A64EBBF00019AB7 /* Base */,
			);
			name = Main.storyboard;
			sourceTree = "<group>";
		};
		410739371A64EBBF00019AB7 /* LaunchScreen.xib */ = {
			isa = PBXVariantGroup;
			children = (
				410739381A64EBBF00019AB7 /* Base */,
			);
			name = LaunchScreen.xib;
			sourceTree = "<group>";
		};
/* End PBXVariantGroup section */

/* Begin XCBuildConfiguration section */
		410739461A64EBBF00019AB7 /* Debug */ = {
			isa = XCBuildConfiguration;
			buildSettings = {
				ALWAYS_SEARCH_USER_PATHS = NO;
				CLANG_CXX_LANGUAGE_STANDARD = "gnu++0x";
				CLANG_CXX_LIBRARY = "libc++";
				CLANG_ENABLE_MODULES = YES;
				CLANG_ENABLE_OBJC_ARC = YES;
				CLANG_WARN_BOOL_CONVERSION = YES;
				CLANG_WARN_CONSTANT_CONVERSION = YES;
				CLANG_WARN_DIRECT_OBJC_ISA_USAGE = YES_ERROR;
				CLANG_WARN_EMPTY_BODY = YES;
				CLANG_WARN_ENUM_CONVERSION = YES;
				CLANG_WARN_INT_CONVERSION = YES;
				CLANG_WARN_OBJC_ROOT_CLASS = YES_ERROR;
				CLANG_WARN_UNREACHABLE_CODE = YES;
				CLANG_WARN__DUPLICATE_METHOD_MATCH = YES;
				"CODE_SIGN_IDENTITY[sdk=iphoneos*]" = "iPhone Developer";
				COPY_PHASE_STRIP = NO;
				ENABLE_STRICT_OBJC_MSGSEND = YES;
				GCC_C_LANGUAGE_STANDARD = gnu99;
				GCC_DYNAMIC_NO_PIC = NO;
				GCC_OPTIMIZATION_LEVEL = 0;
				GCC_PREPROCESSOR_DEFINITIONS = (
					"DEBUG=1",
					"$(inherited)",
				);
				GCC_SYMBOLS_PRIVATE_EXTERN = NO;
				GCC_WARN_64_TO_32_BIT_CONVERSION = YES;
				GCC_WARN_ABOUT_RETURN_TYPE = YES_ERROR;
				GCC_WARN_UNDECLARED_SELECTOR = YES;
				GCC_WARN_UNINITIALIZED_AUTOS = YES_AGGRESSIVE;
				GCC_WARN_UNUSED_FUNCTION = YES;
				GCC_WARN_UNUSED_VARIABLE = YES;
				IPHONEOS_DEPLOYMENT_TARGET = 8.1;
				MTL_ENABLE_DEBUG_INFO = YES;
				ONLY_ACTIVE_ARCH = YES;
				SDKROOT = iphoneos;
				SWIFT_OPTIMIZATION_LEVEL = "-Onone";
			};
			name = Debug;
		};
		410739471A64EBBF00019AB7 /* Release */ = {
			isa = XCBuildConfiguration;
			buildSettings = {
				ALWAYS_SEARCH_USER_PATHS = NO;
				CLANG_CXX_LANGUAGE_STANDARD = "gnu++0x";
				CLANG_CXX_LIBRARY = "libc++";
				CLANG_ENABLE_MODULES = YES;
				CLANG_ENABLE_OBJC_ARC = YES;
				CLANG_WARN_BOOL_CONVERSION = YES;
				CLANG_WARN_CONSTANT_CONVERSION = YES;
				CLANG_WARN_DIRECT_OBJC_ISA_USAGE = YES_ERROR;
				CLANG_WARN_EMPTY_BODY = YES;
				CLANG_WARN_ENUM_CONVERSION = YES;
				CLANG_WARN_INT_CONVERSION = YES;
				CLANG_WARN_OBJC_ROOT_CLASS = YES_ERROR;
				CLANG_WARN_UNREACHABLE_CODE = YES;
				CLANG_WARN__DUPLICATE_METHOD_MATCH = YES;
				"CODE_SIGN_IDENTITY[sdk=iphoneos*]" = "iPhone Developer";
				COPY_PHASE_STRIP = YES;
				ENABLE_NS_ASSERTIONS = NO;
				ENABLE_STRICT_OBJC_MSGSEND = YES;
				GCC_C_LANGUAGE_STANDARD = gnu99;
				GCC_WARN_64_TO_32_BIT_CONVERSION = YES;
				GCC_WARN_ABOUT_RETURN_TYPE = YES_ERROR;
				GCC_WARN_UNDECLARED_SELECTOR = YES;
				GCC_WARN_UNINITIALIZED_AUTOS = YES_AGGRESSIVE;
				GCC_WARN_UNUSED_FUNCTION = YES;
				GCC_WARN_UNUSED_VARIABLE = YES;
				IPHONEOS_DEPLOYMENT_TARGET = 8.1;
				MTL_ENABLE_DEBUG_INFO = NO;
				SDKROOT = iphoneos;
				VALIDATE_PRODUCT = YES;
			};
			name = Release;
		};
		410739491A64EBBF00019AB7 /* Debug */ = {
			isa = XCBuildConfiguration;
			buildSettings = {
				ASSETCATALOG_COMPILER_APPICON_NAME = AppIcon;
				INFOPLIST_FILE = Dragging/Info.plist;
				LD_RUNPATH_SEARCH_PATHS = "$(inherited) @executable_path/Frameworks";
				PRODUCT_NAME = "$(TARGET_NAME)";
			};
			name = Debug;
		};
		4107394A1A64EBBF00019AB7 /* Release */ = {
			isa = XCBuildConfiguration;
			buildSettings = {
				ASSETCATALOG_COMPILER_APPICON_NAME = AppIcon;
				INFOPLIST_FILE = Dragging/Info.plist;
				LD_RUNPATH_SEARCH_PATHS = "$(inherited) @executable_path/Frameworks";
				PRODUCT_NAME = "$(TARGET_NAME)";
			};
			name = Release;
		};
		4107394C1A64EBBF00019AB7 /* Debug */ = {
			isa = XCBuildConfiguration;
			buildSettings = {
				BUNDLE_LOADER = "$(TEST_HOST)";
				FRAMEWORK_SEARCH_PATHS = (
					"$(SDKROOT)/Developer/Library/Frameworks",
					"$(inherited)",
				);
				GCC_PREPROCESSOR_DEFINITIONS = (
					"DEBUG=1",
					"$(inherited)",
				);
				INFOPLIST_FILE = DraggingTests/Info.plist;
				LD_RUNPATH_SEARCH_PATHS = "$(inherited) @executable_path/Frameworks @loader_path/Frameworks";
				PRODUCT_NAME = "$(TARGET_NAME)";
				TEST_HOST = "$(BUILT_PRODUCTS_DIR)/Dragging.app/Dragging";
			};
			name = Debug;
		};
		4107394D1A64EBBF00019AB7 /* Release */ = {
			isa = XCBuildConfiguration;
			buildSettings = {
				BUNDLE_LOADER = "$(TEST_HOST)";
				FRAMEWORK_SEARCH_PATHS = (
					"$(SDKROOT)/Developer/Library/Frameworks",
					"$(inherited)",
				);
				INFOPLIST_FILE = DraggingTests/Info.plist;
				LD_RUNPATH_SEARCH_PATHS = "$(inherited) @executable_path/Frameworks @loader_path/Frameworks";
				PRODUCT_NAME = "$(TARGET_NAME)";
				TEST_HOST = "$(BUILT_PRODUCTS_DIR)/Dragging.app/Dragging";
			};
			name = Release;
		};
/* End XCBuildConfiguration section */

/* Begin XCConfigurationList section */
		410739241A64EBBF00019AB7 /* Build configuration list for PBXProject "Dragging" */ = {
			isa = XCConfigurationList;
			buildConfigurations = (
				410739461A64EBBF00019AB7 /* Debug */,
				410739471A64EBBF00019AB7 /* Release */,
			);
			defaultConfigurationIsVisible = 0;
			defaultConfigurationName = Release;
		};
		410739481A64EBBF00019AB7 /* Build configuration list for PBXNativeTarget "Dragging" */ = {
			isa = XCConfigurationList;
			buildConfigurations = (
				410739491A64EBBF00019AB7 /* Debug */,
				4107394A1A64EBBF00019AB7 /* Release */,
			);
			defaultConfigurationIsVisible = 0;
		};
		4107394B1A64EBBF00019AB7 /* Build configuration list for PBXNativeTarget "DraggingTests" */ = {
			isa = XCConfigurationList;
			buildConfigurations = (
				4107394C1A64EBBF00019AB7 /* Debug */,
				4107394D1A64EBBF00019AB7 /* Release */,
			);
			defaultConfigurationIsVisible = 0;
		};
/* End XCConfigurationList section */
	};
	rootObject = 410739211A64EBBF00019AB7 /* Project object */;
}
