// !$*UTF8*$!
{
	archiveVersion = 1;
	classes = {
	};
	objectVersion = 46;
	objects = {

/* Begin PBXBuildFile section */
		411C331619EA15C300C0F7BF /* AppDelegate.swift in Sources */ = {isa = PBXBuildFile; fileRef = 411C331519EA15C300C0F7BF /* AppDelegate.swift */; };
		411C331919EA15C300C0F7BF /* BlogReader.xcdatamodeld in Sources */ = {isa = PBXBuildFile; fileRef = 411C331719EA15C300C0F7BF /* BlogReader.xcdatamodeld */; };
		411C331B19EA15C300C0F7BF /* MasterViewController.swift in Sources */ = {isa = PBXBuildFile; fileRef = 411C331A19EA15C300C0F7BF /* MasterViewController.swift */; };
		411C331D19EA15C300C0F7BF /* DetailViewController.swift in Sources */ = {isa = PBXBuildFile; fileRef = 411C331C19EA15C300C0F7BF /* DetailViewController.swift */; };
		411C332019EA15C300C0F7BF /* Main.storyboard in Resources */ = {isa = PBXBuildFile; fileRef = 411C331E19EA15C300C0F7BF /* Main.storyboard */; };
		411C332219EA15C300C0F7BF /* Images.xcassets in Resources */ = {isa = PBXBuildFile; fileRef = 411C332119EA15C300C0F7BF /* Images.xcassets */; };
		411C332519EA15C300C0F7BF /* LaunchScreen.xib in Resources */ = {isa = PBXBuildFile; fileRef = 411C332319EA15C300C0F7BF /* LaunchScreen.xib */; };
		411C333119EA15C300C0F7BF /* BlogReaderTests.swift in Sources */ = {isa = PBXBuildFile; fileRef = 411C333019EA15C300C0F7BF /* BlogReaderTests.swift */; };
/* End PBXBuildFile section */

/* Begin PBXContainerItemProxy section */
		411C332B19EA15C300C0F7BF /* PBXContainerItemProxy */ = {
			isa = PBXContainerItemProxy;
			containerPortal = 411C330819EA15C300C0F7BF /* Project object */;
			proxyType = 1;
			remoteGlobalIDString = 411C330F19EA15C300C0F7BF;
			remoteInfo = BlogReader;
		};
/* End PBXContainerItemProxy section */

/* Begin PBXFileReference section */
		411C331019EA15C300C0F7BF /* BlogReader.app */ = {isa = PBXFileReference; explicitFileType = wrapper.application; includeInIndex = 0; path = BlogReader.app; sourceTree = BUILT_PRODUCTS_DIR; };
		411C331419EA15C300C0F7BF /* Info.plist */ = {isa = PBXFileReference; lastKnownFileType = text.plist.xml; path = Info.plist; sourceTree = "<group>"; };
		411C331519EA15C300C0F7BF /* AppDelegate.swift */ = {isa = PBXFileReference; lastKnownFileType = sourcecode.swift; path = AppDelegate.swift; sourceTree = "<group>"; };
		411C331819EA15C300C0F7BF /* BlogReader.xcdatamodel */ = {isa = PBXFileReference; lastKnownFileType = wrapper.xcdatamodel; path = BlogReader.xcdatamodel; sourceTree = "<group>"; };
		411C331A19EA15C300C0F7BF /* MasterViewController.swift */ = {isa = PBXFileReference; lastKnownFileType = sourcecode.swift; path = MasterViewController.swift; sourceTree = "<group>"; };
		411C331C19EA15C300C0F7BF /* DetailViewController.swift */ = {isa = PBXFileReference; lastKnownFileType = sourcecode.swift; path = DetailViewController.swift; sourceTree = "<group>"; };
		411C331F19EA15C300C0F7BF /* Base */ = {isa = PBXFileReference; lastKnownFileType = file.storyboard; name = Base; path = Base.lproj/Main.storyboard; sourceTree = "<group>"; };
		411C332119EA15C300C0F7BF /* Images.xcassets */ = {isa = PBXFileReference; lastKnownFileType = folder.assetcatalog; path = Images.xcassets; sourceTree = "<group>"; };
		411C332419EA15C300C0F7BF /* Base */ = {isa = PBXFileReference; lastKnownFileType = file.xib; name = Base; path = Base.lproj/LaunchScreen.xib; sourceTree = "<group>"; };
		411C332A19EA15C300C0F7BF /* BlogReaderTests.xctest */ = {isa = PBXFileReference; explicitFileType = wrapper.cfbundle; includeInIndex = 0; path = BlogReaderTests.xctest; sourceTree = BUILT_PRODUCTS_DIR; };
		411C332F19EA15C300C0F7BF /* Info.plist */ = {isa = PBXFileReference; lastKnownFileType = text.plist.xml; path = Info.plist; sourceTree = "<group>"; };
		411C333019EA15C300C0F7BF /* BlogReaderTests.swift */ = {isa = PBXFileReference; lastKnownFileType = sourcecode.swift; path = BlogReaderTests.swift; sourceTree = "<group>"; };
/* End PBXFileReference section */

/* Begin PBXFrameworksBuildPhase section */
		411C330D19EA15C300C0F7BF /* Frameworks */ = {
			isa = PBXFrameworksBuildPhase;
			buildActionMask = 2147483647;
			files = (
			);
			runOnlyForDeploymentPostprocessing = 0;
		};
		411C332719EA15C300C0F7BF /* Frameworks */ = {
			isa = PBXFrameworksBuildPhase;
			buildActionMask = 2147483647;
			files = (
			);
			runOnlyForDeploymentPostprocessing = 0;
		};
/* End PBXFrameworksBuildPhase section */

/* Begin PBXGroup section */
		411C330719EA15C300C0F7BF = {
			isa = PBXGroup;
			children = (
				411C331219EA15C300C0F7BF /* BlogReader */,
				411C332D19EA15C300C0F7BF /* BlogReaderTests */,
				411C331119EA15C300C0F7BF /* Products */,
			);
			sourceTree = "<group>";
		};
		411C331119EA15C300C0F7BF /* Products */ = {
			isa = PBXGroup;
			children = (
				411C331019EA15C300C0F7BF /* BlogReader.app */,
				411C332A19EA15C300C0F7BF /* BlogReaderTests.xctest */,
			);
			name = Products;
			sourceTree = "<group>";
		};
		411C331219EA15C300C0F7BF /* BlogReader */ = {
			isa = PBXGroup;
			children = (
				411C331519EA15C300C0F7BF /* AppDelegate.swift */,
				411C331A19EA15C300C0F7BF /* MasterViewController.swift */,
				411C331C19EA15C300C0F7BF /* DetailViewController.swift */,
				411C331E19EA15C300C0F7BF /* Main.storyboard */,
				411C332119EA15C300C0F7BF /* Images.xcassets */,
				411C332319EA15C300C0F7BF /* LaunchScreen.xib */,
				411C331719EA15C300C0F7BF /* BlogReader.xcdatamodeld */,
				411C331319EA15C300C0F7BF /* Supporting Files */,
			);
			path = BlogReader;
			sourceTree = "<group>";
		};
		411C331319EA15C300C0F7BF /* Supporting Files */ = {
			isa = PBXGroup;
			children = (
				411C331419EA15C300C0F7BF /* Info.plist */,
			);
			name = "Supporting Files";
			sourceTree = "<group>";
		};
		411C332D19EA15C300C0F7BF /* BlogReaderTests */ = {
			isa = PBXGroup;
			children = (
				411C333019EA15C300C0F7BF /* BlogReaderTests.swift */,
				411C332E19EA15C300C0F7BF /* Supporting Files */,
			);
			path = BlogReaderTests;
			sourceTree = "<group>";
		};
		411C332E19EA15C300C0F7BF /* Supporting Files */ = {
			isa = PBXGroup;
			children = (
				411C332F19EA15C300C0F7BF /* Info.plist */,
			);
			name = "Supporting Files";
			sourceTree = "<group>";
		};
/* End PBXGroup section */

/* Begin PBXNativeTarget section */
		411C330F19EA15C300C0F7BF /* BlogReader */ = {
			isa = PBXNativeTarget;
			buildConfigurationList = 411C333419EA15C300C0F7BF /* Build configuration list for PBXNativeTarget "BlogReader" */;
			buildPhases = (
				411C330C19EA15C300C0F7BF /* Sources */,
				411C330D19EA15C300C0F7BF /* Frameworks */,
				411C330E19EA15C300C0F7BF /* Resources */,
			);
			buildRules = (
			);
			dependencies = (
			);
			name = BlogReader;
			productName = BlogReader;
			productReference = 411C331019EA15C300C0F7BF /* BlogReader.app */;
			productType = "com.apple.product-type.application";
		};
		411C332919EA15C300C0F7BF /* BlogReaderTests */ = {
			isa = PBXNativeTarget;
			buildConfigurationList = 411C333719EA15C300C0F7BF /* Build configuration list for PBXNativeTarget "BlogReaderTests" */;
			buildPhases = (
				411C332619EA15C300C0F7BF /* Sources */,
				411C332719EA15C300C0F7BF /* Frameworks */,
				411C332819EA15C300C0F7BF /* Resources */,
			);
			buildRules = (
			);
			dependencies = (
				411C332C19EA15C300C0F7BF /* PBXTargetDependency */,
			);
			name = BlogReaderTests;
			productName = BlogReaderTests;
			productReference = 411C332A19EA15C300C0F7BF /* BlogReaderTests.xctest */;
			productType = "com.apple.product-type.bundle.unit-test";
		};
/* End PBXNativeTarget section */

/* Begin PBXProject section */
		411C330819EA15C300C0F7BF /* Project object */ = {
			isa = PBXProject;
			attributes = {
				LastUpgradeCheck = 0600;
				ORGANIZATIONNAME = "Ramesh Vaidyalingam";
				TargetAttributes = {
					411C330F19EA15C300C0F7BF = {
						CreatedOnToolsVersion = 6.0.1;
					};
					411C332919EA15C300C0F7BF = {
						CreatedOnToolsVersion = 6.0.1;
						TestTargetID = 411C330F19EA15C300C0F7BF;
					};
				};
			};
			buildConfigurationList = 411C330B19EA15C300C0F7BF /* Build configuration list for PBXProject "BlogReader" */;
			compatibilityVersion = "Xcode 3.2";
			developmentRegion = English;
			hasScannedForEncodings = 0;
			knownRegions = (
				en,
				Base,
			);
			mainGroup = 411C330719EA15C300C0F7BF;
			productRefGroup = 411C331119EA15C300C0F7BF /* Products */;
			projectDirPath = "";
			projectRoot = "";
			targets = (
				411C330F19EA15C300C0F7BF /* BlogReader */,
				411C332919EA15C300C0F7BF /* BlogReaderTests */,
			);
		};
/* End PBXProject section */

/* Begin PBXResourcesBuildPhase section */
		411C330E19EA15C300C0F7BF /* Resources */ = {
			isa = PBXResourcesBuildPhase;
			buildActionMask = 2147483647;
			files = (
				411C332019EA15C300C0F7BF /* Main.storyboard in Resources */,
				411C332519EA15C300C0F7BF /* LaunchScreen.xib in Resources */,
				411C332219EA15C300C0F7BF /* Images.xcassets in Resources */,
			);
			runOnlyForDeploymentPostprocessing = 0;
		};
		411C332819EA15C300C0F7BF /* Resources */ = {
			isa = PBXResourcesBuildPhase;
			buildActionMask = 2147483647;
			files = (
			);
			runOnlyForDeploymentPostprocessing = 0;
		};
/* End PBXResourcesBuildPhase section */

/* Begin PBXSourcesBuildPhase section */
		411C330C19EA15C300C0F7BF /* Sources */ = {
			isa = PBXSourcesBuildPhase;
			buildActionMask = 2147483647;
			files = (
				411C331919EA15C300C0F7BF /* BlogReader.xcdatamodeld in Sources */,
				411C331619EA15C300C0F7BF /* AppDelegate.swift in Sources */,
				411C331B19EA15C300C0F7BF /* MasterViewController.swift in Sources */,
				411C331D19EA15C300C0F7BF /* DetailViewController.swift in Sources */,
			);
			runOnlyForDeploymentPostprocessing = 0;
		};
		411C332619EA15C300C0F7BF /* Sources */ = {
			isa = PBXSourcesBuildPhase;
			buildActionMask = 2147483647;
			files = (
				411C333119EA15C300C0F7BF /* BlogReaderTests.swift in Sources */,
			);
			runOnlyForDeploymentPostprocessing = 0;
		};
/* End PBXSourcesBuildPhase section */

/* Begin PBXTargetDependency section */
		411C332C19EA15C300C0F7BF /* PBXTargetDependency */ = {
			isa = PBXTargetDependency;
			target = 411C330F19EA15C300C0F7BF /* BlogReader */;
			targetProxy = 411C332B19EA15C300C0F7BF /* PBXContainerItemProxy */;
		};
/* End PBXTargetDependency section */

/* Begin PBXVariantGroup section */
		411C331E19EA15C300C0F7BF /* Main.storyboard */ = {
			isa = PBXVariantGroup;
			children = (
				411C331F19EA15C300C0F7BF /* Base */,
			);
			name = Main.storyboard;
			sourceTree = "<group>";
		};
		411C332319EA15C300C0F7BF /* LaunchScreen.xib */ = {
			isa = PBXVariantGroup;
			children = (
				411C332419EA15C300C0F7BF /* Base */,
			);
			name = LaunchScreen.xib;
			sourceTree = "<group>";
		};
/* End PBXVariantGroup section */

/* Begin XCBuildConfiguration section */
		411C333219EA15C300C0F7BF /* Debug */ = {
			isa = XCBuildConfiguration;
			buildSettings = {
				ALWAYS_SEARCH_USER_PATHS = NO;
				CLANG_CXX_LANGUAGE_STANDARD = "gnu++0x";
				CLANG_CXX_LIBRARY = "libc++";
				CLANG_ENABLE_MODULES = YES;
				CLANG_ENABLE_OBJC_ARC = YES;
				CLANG_WARN_BOOL_CONVERSION = YES;
				CLANG_WARN_CONSTANT_CONVERSION = YES;
				CLANG_WARN_DIRECT_OBJC_ISA_USAGE = YES_ERROR;
				CLANG_WARN_EMPTY_BODY = YES;
				CLANG_WARN_ENUM_CONVERSION = YES;
				CLANG_WARN_INT_CONVERSION = YES;
				CLANG_WARN_OBJC_ROOT_CLASS = YES_ERROR;
				CLANG_WARN_UNREACHABLE_CODE = YES;
				CLANG_WARN__DUPLICATE_METHOD_MATCH = YES;
				"CODE_SIGN_IDENTITY[sdk=iphoneos*]" = "iPhone Developer";
				COPY_PHASE_STRIP = NO;
				ENABLE_STRICT_OBJC_MSGSEND = YES;
				GCC_C_LANGUAGE_STANDARD = gnu99;
				GCC_DYNAMIC_NO_PIC = NO;
				GCC_OPTIMIZATION_LEVEL = 0;
				GCC_PREPROCESSOR_DEFINITIONS = (
					"DEBUG=1",
					"$(inherited)",
				);
				GCC_SYMBOLS_PRIVATE_EXTERN = NO;
				GCC_WARN_64_TO_32_BIT_CONVERSION = YES;
				GCC_WARN_ABOUT_RETURN_TYPE = YES_ERROR;
				GCC_WARN_UNDECLARED_SELECTOR = YES;
				GCC_WARN_UNINITIALIZED_AUTOS = YES_AGGRESSIVE;
				GCC_WARN_UNUSED_FUNCTION = YES;
				GCC_WARN_UNUSED_VARIABLE = YES;
				IPHONEOS_DEPLOYMENT_TARGET = 8.0;
				MTL_ENABLE_DEBUG_INFO = YES;
				ONLY_ACTIVE_ARCH = YES;
				SDKROOT = iphoneos;
				SWIFT_OPTIMIZATION_LEVEL = "-Onone";
				TARGETED_DEVICE_FAMILY = "1,2";
			};
			name = Debug;
		};
		411C333319EA15C300C0F7BF /* Release */ = {
			isa = XCBuildConfiguration;
			buildSettings = {
				ALWAYS_SEARCH_USER_PATHS = NO;
				CLANG_CXX_LANGUAGE_STANDARD = "gnu++0x";
				CLANG_CXX_LIBRARY = "libc++";
				CLANG_ENABLE_MODULES = YES;
				CLANG_ENABLE_OBJC_ARC = YES;
				CLANG_WARN_BOOL_CONVERSION = YES;
				CLANG_WARN_CONSTANT_CONVERSION = YES;
				CLANG_WARN_DIRECT_OBJC_ISA_USAGE = YES_ERROR;
				CLANG_WARN_EMPTY_BODY = YES;
				CLANG_WARN_ENUM_CONVERSION = YES;
				CLANG_WARN_INT_CONVERSION = YES;
				CLANG_WARN_OBJC_ROOT_CLASS = YES_ERROR;
				CLANG_WARN_UNREACHABLE_CODE = YES;
				CLANG_WARN__DUPLICATE_METHOD_MATCH = YES;
				"CODE_SIGN_IDENTITY[sdk=iphoneos*]" = "iPhone Developer";
				COPY_PHASE_STRIP = YES;
				ENABLE_NS_ASSERTIONS = NO;
				ENABLE_STRICT_OBJC_MSGSEND = YES;
				GCC_C_LANGUAGE_STANDARD = gnu99;
				GCC_WARN_64_TO_32_BIT_CONVERSION = YES;
				GCC_WARN_ABOUT_RETURN_TYPE = YES_ERROR;
				GCC_WARN_UNDECLARED_SELECTOR = YES;
				GCC_WARN_UNINITIALIZED_AUTOS = YES_AGGRESSIVE;
				GCC_WARN_UNUSED_FUNCTION = YES;
				GCC_WARN_UNUSED_VARIABLE = YES;
				IPHONEOS_DEPLOYMENT_TARGET = 8.0;
				MTL_ENABLE_DEBUG_INFO = NO;
				SDKROOT = iphoneos;
				TARGETED_DEVICE_FAMILY = "1,2";
				VALIDATE_PRODUCT = YES;
			};
			name = Release;
		};
		411C333519EA15C300C0F7BF /* Debug */ = {
			isa = XCBuildConfiguration;
			buildSettings = {
				ASSETCATALOG_COMPILER_APPICON_NAME = AppIcon;
				INFOPLIST_FILE = BlogReader/Info.plist;
				LD_RUNPATH_SEARCH_PATHS = "$(inherited) @executable_path/Frameworks";
				PRODUCT_NAME = "$(TARGET_NAME)";
			};
			name = Debug;
		};
		411C333619EA15C300C0F7BF /* Release */ = {
			isa = XCBuildConfiguration;
			buildSettings = {
				ASSETCATALOG_COMPILER_APPICON_NAME = AppIcon;
				INFOPLIST_FILE = BlogReader/Info.plist;
				LD_RUNPATH_SEARCH_PATHS = "$(inherited) @executable_path/Frameworks";
				PRODUCT_NAME = "$(TARGET_NAME)";
			};
			name = Release;
		};
		411C333819EA15C300C0F7BF /* Debug */ = {
			isa = XCBuildConfiguration;
			buildSettings = {
				BUNDLE_LOADER = "$(TEST_HOST)";
				FRAMEWORK_SEARCH_PATHS = (
					"$(SDKROOT)/Developer/Library/Frameworks",
					"$(inherited)",
				);
				GCC_PREPROCESSOR_DEFINITIONS = (
					"DEBUG=1",
					"$(inherited)",
				);
				INFOPLIST_FILE = BlogReaderTests/Info.plist;
				LD_RUNPATH_SEARCH_PATHS = "$(inherited) @executable_path/Frameworks @loader_path/Frameworks";
				PRODUCT_NAME = "$(TARGET_NAME)";
				TEST_HOST = "$(BUILT_PRODUCTS_DIR)/BlogReader.app/BlogReader";
			};
			name = Debug;
		};
		411C333919EA15C300C0F7BF /* Release */ = {
			isa = XCBuildConfiguration;
			buildSettings = {
				BUNDLE_LOADER = "$(TEST_HOST)";
				FRAMEWORK_SEARCH_PATHS = (
					"$(SDKROOT)/Developer/Library/Frameworks",
					"$(inherited)",
				);
				INFOPLIST_FILE = BlogReaderTests/Info.plist;
				LD_RUNPATH_SEARCH_PATHS = "$(inherited) @executable_path/Frameworks @loader_path/Frameworks";
				PRODUCT_NAME = "$(TARGET_NAME)";
				TEST_HOST = "$(BUILT_PRODUCTS_DIR)/BlogReader.app/BlogReader";
			};
			name = Release;
		};
/* End XCBuildConfiguration section */

/* Begin XCConfigurationList section */
		411C330B19EA15C300C0F7BF /* Build configuration list for PBXProject "BlogReader" */ = {
			isa = XCConfigurationList;
			buildConfigurations = (
				411C333219EA15C300C0F7BF /* Debug */,
				411C333319EA15C300C0F7BF /* Release */,
			);
			defaultConfigurationIsVisible = 0;
			defaultConfigurationName = Release;
		};
		411C333419EA15C300C0F7BF /* Build configuration list for PBXNativeTarget "BlogReader" */ = {
			isa = XCConfigurationList;
			buildConfigurations = (
				411C333519EA15C300C0F7BF /* Debug */,
				411C333619EA15C300C0F7BF /* Release */,
			);
			defaultConfigurationIsVisible = 0;
		};
		411C333719EA15C300C0F7BF /* Build configuration list for PBXNativeTarget "BlogReaderTests" */ = {
			isa = XCConfigurationList;
			buildConfigurations = (
				411C333819EA15C300C0F7BF /* Debug */,
				411C333919EA15C300C0F7BF /* Release */,
			);
			defaultConfigurationIsVisible = 0;
		};
/* End XCConfigurationList section */

/* Begin XCVersionGroup section */
		411C331719EA15C300C0F7BF /* BlogReader.xcdatamodeld */ = {
			isa = XCVersionGroup;
			children = (
				411C331819EA15C300C0F7BF /* BlogReader.xcdatamodel */,
			);
			currentVersion = 411C331819EA15C300C0F7BF /* BlogReader.xcdatamodel */;
			path = BlogReader.xcdatamodeld;
			sourceTree = "<group>";
			versionGroupType = wrapper.xcdatamodel;
		};
/* End XCVersionGroup section */
	};
	rootObject = 411C330819EA15C300C0F7BF /* Project object */;
}
