// !$*UTF8*$!
{
	archiveVersion = 1;
	classes = {
	};
	objectVersion = 46;
	objects = {

/* Begin PBXBuildFile section */
		413E385D19CBD24800892E6C /* AppDelegate.swift in Sources */ = {isa = PBXBuildFile; fileRef = 413E385C19CBD24800892E6C /* AppDelegate.swift */; };
		413E385F19CBD24800892E6C /* ViewController.swift in Sources */ = {isa = PBXBuildFile; fileRef = 413E385E19CBD24800892E6C /* ViewController.swift */; };
		413E386219CBD24800892E6C /* Main.storyboard in Resources */ = {isa = PBXBuildFile; fileRef = 413E386019CBD24800892E6C /* Main.storyboard */; };
		413E386419CBD24800892E6C /* Images.xcassets in Resources */ = {isa = PBXBuildFile; fileRef = 413E386319CBD24800892E6C /* Images.xcassets */; };
		413E386719CBD24800892E6C /* LaunchScreen.xib in Resources */ = {isa = PBXBuildFile; fileRef = 413E386519CBD24800892E6C /* LaunchScreen.xib */; };
		413E387319CBD24800892E6C /* TestProjectTests.swift in Sources */ = {isa = PBXBuildFile; fileRef = 413E387219CBD24800892E6C /* TestProjectTests.swift */; };
/* End PBXBuildFile section */

/* Begin PBXContainerItemProxy section */
		413E386D19CBD24800892E6C /* PBXContainerItemProxy */ = {
			isa = PBXContainerItemProxy;
			containerPortal = 413E384F19CBD24800892E6C /* Project object */;
			proxyType = 1;
			remoteGlobalIDString = 413E385619CBD24800892E6C;
			remoteInfo = TestProject;
		};
/* End PBXContainerItemProxy section */

/* Begin PBXFileReference section */
		413E385719CBD24800892E6C /* TestProject.app */ = {isa = PBXFileReference; explicitFileType = wrapper.application; includeInIndex = 0; path = TestProject.app; sourceTree = BUILT_PRODUCTS_DIR; };
		413E385B19CBD24800892E6C /* Info.plist */ = {isa = PBXFileReference; lastKnownFileType = text.plist.xml; path = Info.plist; sourceTree = "<group>"; };
		413E385C19CBD24800892E6C /* AppDelegate.swift */ = {isa = PBXFileReference; lastKnownFileType = sourcecode.swift; path = AppDelegate.swift; sourceTree = "<group>"; };
		413E385E19CBD24800892E6C /* ViewController.swift */ = {isa = PBXFileReference; lastKnownFileType = sourcecode.swift; path = ViewController.swift; sourceTree = "<group>"; };
		413E386119CBD24800892E6C /* Base */ = {isa = PBXFileReference; lastKnownFileType = file.storyboard; name = Base; path = Base.lproj/Main.storyboard; sourceTree = "<group>"; };
		413E386319CBD24800892E6C /* Images.xcassets */ = {isa = PBXFileReference; lastKnownFileType = folder.assetcatalog; path = Images.xcassets; sourceTree = "<group>"; };
		413E386619CBD24800892E6C /* Base */ = {isa = PBXFileReference; lastKnownFileType = file.xib; name = Base; path = Base.lproj/LaunchScreen.xib; sourceTree = "<group>"; };
		413E386C19CBD24800892E6C /* TestProjectTests.xctest */ = {isa = PBXFileReference; explicitFileType = wrapper.cfbundle; includeInIndex = 0; path = TestProjectTests.xctest; sourceTree = BUILT_PRODUCTS_DIR; };
		413E387119CBD24800892E6C /* Info.plist */ = {isa = PBXFileReference; lastKnownFileType = text.plist.xml; path = Info.plist; sourceTree = "<group>"; };
		413E387219CBD24800892E6C /* TestProjectTests.swift */ = {isa = PBXFileReference; lastKnownFileType = sourcecode.swift; path = TestProjectTests.swift; sourceTree = "<group>"; };
/* End PBXFileReference section */

/* Begin PBXFrameworksBuildPhase section */
		413E385419CBD24800892E6C /* Frameworks */ = {
			isa = PBXFrameworksBuildPhase;
			buildActionMask = 2147483647;
			files = (
			);
			runOnlyForDeploymentPostprocessing = 0;
		};
		413E386919CBD24800892E6C /* Frameworks */ = {
			isa = PBXFrameworksBuildPhase;
			buildActionMask = 2147483647;
			files = (
			);
			runOnlyForDeploymentPostprocessing = 0;
		};
/* End PBXFrameworksBuildPhase section */

/* Begin PBXGroup section */
		413E384E19CBD24800892E6C = {
			isa = PBXGroup;
			children = (
				413E385919CBD24800892E6C /* TestProject */,
				413E386F19CBD24800892E6C /* TestProjectTests */,
				413E385819CBD24800892E6C /* Products */,
			);
			sourceTree = "<group>";
		};
		413E385819CBD24800892E6C /* Products */ = {
			isa = PBXGroup;
			children = (
				413E385719CBD24800892E6C /* TestProject.app */,
				413E386C19CBD24800892E6C /* TestProjectTests.xctest */,
			);
			name = Products;
			sourceTree = "<group>";
		};
		413E385919CBD24800892E6C /* TestProject */ = {
			isa = PBXGroup;
			children = (
				413E385C19CBD24800892E6C /* AppDelegate.swift */,
				413E385E19CBD24800892E6C /* ViewController.swift */,
				413E386019CBD24800892E6C /* Main.storyboard */,
				413E386319CBD24800892E6C /* Images.xcassets */,
				413E386519CBD24800892E6C /* LaunchScreen.xib */,
				413E385A19CBD24800892E6C /* Supporting Files */,
			);
			path = TestProject;
			sourceTree = "<group>";
		};
		413E385A19CBD24800892E6C /* Supporting Files */ = {
			isa = PBXGroup;
			children = (
				413E385B19CBD24800892E6C /* Info.plist */,
			);
			name = "Supporting Files";
			sourceTree = "<group>";
		};
		413E386F19CBD24800892E6C /* TestProjectTests */ = {
			isa = PBXGroup;
			children = (
				413E387219CBD24800892E6C /* TestProjectTests.swift */,
				413E387019CBD24800892E6C /* Supporting Files */,
			);
			path = TestProjectTests;
			sourceTree = "<group>";
		};
		413E387019CBD24800892E6C /* Supporting Files */ = {
			isa = PBXGroup;
			children = (
				413E387119CBD24800892E6C /* Info.plist */,
			);
			name = "Supporting Files";
			sourceTree = "<group>";
		};
/* End PBXGroup section */

/* Begin PBXNativeTarget section */
		413E385619CBD24800892E6C /* TestProject */ = {
			isa = PBXNativeTarget;
			buildConfigurationList = 413E387619CBD24800892E6C /* Build configuration list for PBXNativeTarget "TestProject" */;
			buildPhases = (
				413E385319CBD24800892E6C /* Sources */,
				413E385419CBD24800892E6C /* Frameworks */,
				413E385519CBD24800892E6C /* Resources */,
			);
			buildRules = (
			);
			dependencies = (
			);
			name = TestProject;
			productName = TestProject;
			productReference = 413E385719CBD24800892E6C /* TestProject.app */;
			productType = "com.apple.product-type.application";
		};
		413E386B19CBD24800892E6C /* TestProjectTests */ = {
			isa = PBXNativeTarget;
			buildConfigurationList = 413E387919CBD24800892E6C /* Build configuration list for PBXNativeTarget "TestProjectTests" */;
			buildPhases = (
				413E386819CBD24800892E6C /* Sources */,
				413E386919CBD24800892E6C /* Frameworks */,
				413E386A19CBD24800892E6C /* Resources */,
			);
			buildRules = (
			);
			dependencies = (
				413E386E19CBD24800892E6C /* PBXTargetDependency */,
			);
			name = TestProjectTests;
			productName = TestProjectTests;
			productReference = 413E386C19CBD24800892E6C /* TestProjectTests.xctest */;
			productType = "com.apple.product-type.bundle.unit-test";
		};
/* End PBXNativeTarget section */

/* Begin PBXProject section */
		413E384F19CBD24800892E6C /* Project object */ = {
			isa = PBXProject;
			attributes = {
				LastUpgradeCheck = 0600;
				ORGANIZATIONNAME = "Ramesh Vaidyalingam";
				TargetAttributes = {
					413E385619CBD24800892E6C = {
						CreatedOnToolsVersion = 6.0.1;
					};
					413E386B19CBD24800892E6C = {
						CreatedOnToolsVersion = 6.0.1;
						TestTargetID = 413E385619CBD24800892E6C;
					};
				};
			};
			buildConfigurationList = 413E385219CBD24800892E6C /* Build configuration list for PBXProject "TestProject" */;
			compatibilityVersion = "Xcode 3.2";
			developmentRegion = English;
			hasScannedForEncodings = 0;
			knownRegions = (
				en,
				Base,
			);
			mainGroup = 413E384E19CBD24800892E6C;
			productRefGroup = 413E385819CBD24800892E6C /* Products */;
			projectDirPath = "";
			projectRoot = "";
			targets = (
				413E385619CBD24800892E6C /* TestProject */,
				413E386B19CBD24800892E6C /* TestProjectTests */,
			);
		};
/* End PBXProject section */

/* Begin PBXResourcesBuildPhase section */
		413E385519CBD24800892E6C /* Resources */ = {
			isa = PBXResourcesBuildPhase;
			buildActionMask = 2147483647;
			files = (
				413E386219CBD24800892E6C /* Main.storyboard in Resources */,
				413E386719CBD24800892E6C /* LaunchScreen.xib in Resources */,
				413E386419CBD24800892E6C /* Images.xcassets in Resources */,
			);
			runOnlyForDeploymentPostprocessing = 0;
		};
		413E386A19CBD24800892E6C /* Resources */ = {
			isa = PBXResourcesBuildPhase;
			buildActionMask = 2147483647;
			files = (
			);
			runOnlyForDeploymentPostprocessing = 0;
		};
/* End PBXResourcesBuildPhase section */

/* Begin PBXSourcesBuildPhase section */
		413E385319CBD24800892E6C /* Sources */ = {
			isa = PBXSourcesBuildPhase;
			buildActionMask = 2147483647;
			files = (
				413E385F19CBD24800892E6C /* ViewController.swift in Sources */,
				413E385D19CBD24800892E6C /* AppDelegate.swift in Sources */,
			);
			runOnlyForDeploymentPostprocessing = 0;
		};
		413E386819CBD24800892E6C /* Sources */ = {
			isa = PBXSourcesBuildPhase;
			buildActionMask = 2147483647;
			files = (
				413E387319CBD24800892E6C /* TestProjectTests.swift in Sources */,
			);
			runOnlyForDeploymentPostprocessing = 0;
		};
/* End PBXSourcesBuildPhase section */

/* Begin PBXTargetDependency section */
		413E386E19CBD24800892E6C /* PBXTargetDependency */ = {
			isa = PBXTargetDependency;
			target = 413E385619CBD24800892E6C /* TestProject */;
			targetProxy = 413E386D19CBD24800892E6C /* PBXContainerItemProxy */;
		};
/* End PBXTargetDependency section */

/* Begin PBXVariantGroup section */
		413E386019CBD24800892E6C /* Main.storyboard */ = {
			isa = PBXVariantGroup;
			children = (
				413E386119CBD24800892E6C /* Base */,
			);
			name = Main.storyboard;
			sourceTree = "<group>";
		};
		413E386519CBD24800892E6C /* LaunchScreen.xib */ = {
			isa = PBXVariantGroup;
			children = (
				413E386619CBD24800892E6C /* Base */,
			);
			name = LaunchScreen.xib;
			sourceTree = "<group>";
		};
/* End PBXVariantGroup section */

/* Begin XCBuildConfiguration section */
		413E387419CBD24800892E6C /* Debug */ = {
			isa = XCBuildConfiguration;
			buildSettings = {
				ALWAYS_SEARCH_USER_PATHS = NO;
				CLANG_CXX_LANGUAGE_STANDARD = "gnu++0x";
				CLANG_CXX_LIBRARY = "libc++";
				CLANG_ENABLE_MODULES = YES;
				CLANG_ENABLE_OBJC_ARC = YES;
				CLANG_WARN_BOOL_CONVERSION = YES;
				CLANG_WARN_CONSTANT_CONVERSION = YES;
				CLANG_WARN_DIRECT_OBJC_ISA_USAGE = YES_ERROR;
				CLANG_WARN_EMPTY_BODY = YES;
				CLANG_WARN_ENUM_CONVERSION = YES;
				CLANG_WARN_INT_CONVERSION = YES;
				CLANG_WARN_OBJC_ROOT_CLASS = YES_ERROR;
				CLANG_WARN_UNREACHABLE_CODE = YES;
				CLANG_WARN__DUPLICATE_METHOD_MATCH = YES;
				"CODE_SIGN_IDENTITY[sdk=iphoneos*]" = "iPhone Developer";
				COPY_PHASE_STRIP = NO;
				ENABLE_STRICT_OBJC_MSGSEND = YES;
				GCC_C_LANGUAGE_STANDARD = gnu99;
				GCC_DYNAMIC_NO_PIC = NO;
				GCC_OPTIMIZATION_LEVEL = 0;
				GCC_PREPROCESSOR_DEFINITIONS = (
					"DEBUG=1",
					"$(inherited)",
				);
				GCC_SYMBOLS_PRIVATE_EXTERN = NO;
				GCC_WARN_64_TO_32_BIT_CONVERSION = YES;
				GCC_WARN_ABOUT_RETURN_TYPE = YES_ERROR;
				GCC_WARN_UNDECLARED_SELECTOR = YES;
				GCC_WARN_UNINITIALIZED_AUTOS = YES_AGGRESSIVE;
				GCC_WARN_UNUSED_FUNCTION = YES;
				GCC_WARN_UNUSED_VARIABLE = YES;
				IPHONEOS_DEPLOYMENT_TARGET = 8.0;
				MTL_ENABLE_DEBUG_INFO = YES;
				ONLY_ACTIVE_ARCH = YES;
				SDKROOT = iphoneos;
				SWIFT_OPTIMIZATION_LEVEL = "-Onone";
			};
			name = Debug;
		};
		413E387519CBD24800892E6C /* Release */ = {
			isa = XCBuildConfiguration;
			buildSettings = {
				ALWAYS_SEARCH_USER_PATHS = NO;
				CLANG_CXX_LANGUAGE_STANDARD = "gnu++0x";
				CLANG_CXX_LIBRARY = "libc++";
				CLANG_ENABLE_MODULES = YES;
				CLANG_ENABLE_OBJC_ARC = YES;
				CLANG_WARN_BOOL_CONVERSION = YES;
				CLANG_WARN_CONSTANT_CONVERSION = YES;
				CLANG_WARN_DIRECT_OBJC_ISA_USAGE = YES_ERROR;
				CLANG_WARN_EMPTY_BODY = YES;
				CLANG_WARN_ENUM_CONVERSION = YES;
				CLANG_WARN_INT_CONVERSION = YES;
				CLANG_WARN_OBJC_ROOT_CLASS = YES_ERROR;
				CLANG_WARN_UNREACHABLE_CODE = YES;
				CLANG_WARN__DUPLICATE_METHOD_MATCH = YES;
				"CODE_SIGN_IDENTITY[sdk=iphoneos*]" = "iPhone Developer";
				COPY_PHASE_STRIP = YES;
				ENABLE_NS_ASSERTIONS = NO;
				ENABLE_STRICT_OBJC_MSGSEND = YES;
				GCC_C_LANGUAGE_STANDARD = gnu99;
				GCC_WARN_64_TO_32_BIT_CONVERSION = YES;
				GCC_WARN_ABOUT_RETURN_TYPE = YES_ERROR;
				GCC_WARN_UNDECLARED_SELECTOR = YES;
				GCC_WARN_UNINITIALIZED_AUTOS = YES_AGGRESSIVE;
				GCC_WARN_UNUSED_FUNCTION = YES;
				GCC_WARN_UNUSED_VARIABLE = YES;
				IPHONEOS_DEPLOYMENT_TARGET = 8.0;
				MTL_ENABLE_DEBUG_INFO = NO;
				SDKROOT = iphoneos;
				VALIDATE_PRODUCT = YES;
			};
			name = Release;
		};
		413E387719CBD24800892E6C /* Debug */ = {
			isa = XCBuildConfiguration;
			buildSettings = {
				ASSETCATALOG_COMPILER_APPICON_NAME = AppIcon;
				INFOPLIST_FILE = TestProject/Info.plist;
				LD_RUNPATH_SEARCH_PATHS = "$(inherited) @executable_path/Frameworks";
				PRODUCT_NAME = "$(TARGET_NAME)";
			};
			name = Debug;
		};
		413E387819CBD24800892E6C /* Release */ = {
			isa = XCBuildConfiguration;
			buildSettings = {
				ASSETCATALOG_COMPILER_APPICON_NAME = AppIcon;
				INFOPLIST_FILE = TestProject/Info.plist;
				LD_RUNPATH_SEARCH_PATHS = "$(inherited) @executable_path/Frameworks";
				PRODUCT_NAME = "$(TARGET_NAME)";
			};
			name = Release;
		};
		413E387A19CBD24800892E6C /* Debug */ = {
			isa = XCBuildConfiguration;
			buildSettings = {
				BUNDLE_LOADER = "$(TEST_HOST)";
				FRAMEWORK_SEARCH_PATHS = (
					"$(SDKROOT)/Developer/Library/Frameworks",
					"$(inherited)",
				);
				GCC_PREPROCESSOR_DEFINITIONS = (
					"DEBUG=1",
					"$(inherited)",
				);
				INFOPLIST_FILE = TestProjectTests/Info.plist;
				LD_RUNPATH_SEARCH_PATHS = "$(inherited) @executable_path/Frameworks @loader_path/Frameworks";
				PRODUCT_NAME = "$(TARGET_NAME)";
				TEST_HOST = "$(BUILT_PRODUCTS_DIR)/TestProject.app/TestProject";
			};
			name = Debug;
		};
		413E387B19CBD24800892E6C /* Release */ = {
			isa = XCBuildConfiguration;
			buildSettings = {
				BUNDLE_LOADER = "$(TEST_HOST)";
				FRAMEWORK_SEARCH_PATHS = (
					"$(SDKROOT)/Developer/Library/Frameworks",
					"$(inherited)",
				);
				INFOPLIST_FILE = TestProjectTests/Info.plist;
				LD_RUNPATH_SEARCH_PATHS = "$(inherited) @executable_path/Frameworks @loader_path/Frameworks";
				PRODUCT_NAME = "$(TARGET_NAME)";
				TEST_HOST = "$(BUILT_PRODUCTS_DIR)/TestProject.app/TestProject";
			};
			name = Release;
		};
/* End XCBuildConfiguration section */

/* Begin XCConfigurationList section */
		413E385219CBD24800892E6C /* Build configuration list for PBXProject "TestProject" */ = {
			isa = XCConfigurationList;
			buildConfigurations = (
				413E387419CBD24800892E6C /* Debug */,
				413E387519CBD24800892E6C /* Release */,
			);
			defaultConfigurationIsVisible = 0;
			defaultConfigurationName = Release;
		};
		413E387619CBD24800892E6C /* Build configuration list for PBXNativeTarget "TestProject" */ = {
			isa = XCConfigurationList;
			buildConfigurations = (
				413E387719CBD24800892E6C /* Debug */,
				413E387819CBD24800892E6C /* Release */,
			);
			defaultConfigurationIsVisible = 0;
		};
		413E387919CBD24800892E6C /* Build configuration list for PBXNativeTarget "TestProjectTests" */ = {
			isa = XCConfigurationList;
			buildConfigurations = (
				413E387A19CBD24800892E6C /* Debug */,
				413E387B19CBD24800892E6C /* Release */,
			);
			defaultConfigurationIsVisible = 0;
		};
/* End XCConfigurationList section */
	};
	rootObject = 413E384F19CBD24800892E6C /* Project object */;
}
