// !$*UTF8*$!
{
	archiveVersion = 1;
	classes = {
	};
	objectVersion = 46;
	objects = {

/* Begin PBXBuildFile section */
		411C32E819E8E48800C0F7BF /* AppDelegate.swift in Sources */ = {isa = PBXBuildFile; fileRef = 411C32E719E8E48800C0F7BF /* AppDelegate.swift */; };
		411C32EA19E8E48800C0F7BF /* ViewController.swift in Sources */ = {isa = PBXBuildFile; fileRef = 411C32E919E8E48800C0F7BF /* ViewController.swift */; };
		411C32ED19E8E48800C0F7BF /* Main.storyboard in Resources */ = {isa = PBXBuildFile; fileRef = 411C32EB19E8E48800C0F7BF /* Main.storyboard */; };
		411C32EF19E8E48800C0F7BF /* Images.xcassets in Resources */ = {isa = PBXBuildFile; fileRef = 411C32EE19E8E48800C0F7BF /* Images.xcassets */; };
		411C32F219E8E48800C0F7BF /* LaunchScreen.xib in Resources */ = {isa = PBXBuildFile; fileRef = 411C32F019E8E48800C0F7BF /* LaunchScreen.xib */; };
		411C32FE19E8E48800C0F7BF /* WebView_DemoTests.swift in Sources */ = {isa = PBXBuildFile; fileRef = 411C32FD19E8E48800C0F7BF /* WebView_DemoTests.swift */; };
/* End PBXBuildFile section */

/* Begin PBXContainerItemProxy section */
		411C32F819E8E48800C0F7BF /* PBXContainerItemProxy */ = {
			isa = PBXContainerItemProxy;
			containerPortal = 411C32DA19E8E48800C0F7BF /* Project object */;
			proxyType = 1;
			remoteGlobalIDString = 411C32E119E8E48800C0F7BF;
			remoteInfo = "WebView Demo";
		};
/* End PBXContainerItemProxy section */

/* Begin PBXFileReference section */
		411C32E219E8E48800C0F7BF /* WebView Demo.app */ = {isa = PBXFileReference; explicitFileType = wrapper.application; includeInIndex = 0; path = "WebView Demo.app"; sourceTree = BUILT_PRODUCTS_DIR; };
		411C32E619E8E48800C0F7BF /* Info.plist */ = {isa = PBXFileReference; lastKnownFileType = text.plist.xml; path = Info.plist; sourceTree = "<group>"; };
		411C32E719E8E48800C0F7BF /* AppDelegate.swift */ = {isa = PBXFileReference; lastKnownFileType = sourcecode.swift; path = AppDelegate.swift; sourceTree = "<group>"; };
		411C32E919E8E48800C0F7BF /* ViewController.swift */ = {isa = PBXFileReference; lastKnownFileType = sourcecode.swift; path = ViewController.swift; sourceTree = "<group>"; };
		411C32EC19E8E48800C0F7BF /* Base */ = {isa = PBXFileReference; lastKnownFileType = file.storyboard; name = Base; path = Base.lproj/Main.storyboard; sourceTree = "<group>"; };
		411C32EE19E8E48800C0F7BF /* Images.xcassets */ = {isa = PBXFileReference; lastKnownFileType = folder.assetcatalog; path = Images.xcassets; sourceTree = "<group>"; };
		411C32F119E8E48800C0F7BF /* Base */ = {isa = PBXFileReference; lastKnownFileType = file.xib; name = Base; path = Base.lproj/LaunchScreen.xib; sourceTree = "<group>"; };
		411C32F719E8E48800C0F7BF /* WebView DemoTests.xctest */ = {isa = PBXFileReference; explicitFileType = wrapper.cfbundle; includeInIndex = 0; path = "WebView DemoTests.xctest"; sourceTree = BUILT_PRODUCTS_DIR; };
		411C32FC19E8E48800C0F7BF /* Info.plist */ = {isa = PBXFileReference; lastKnownFileType = text.plist.xml; path = Info.plist; sourceTree = "<group>"; };
		411C32FD19E8E48800C0F7BF /* WebView_DemoTests.swift */ = {isa = PBXFileReference; lastKnownFileType = sourcecode.swift; path = WebView_DemoTests.swift; sourceTree = "<group>"; };
/* End PBXFileReference section */

/* Begin PBXFrameworksBuildPhase section */
		411C32DF19E8E48800C0F7BF /* Frameworks */ = {
			isa = PBXFrameworksBuildPhase;
			buildActionMask = 2147483647;
			files = (
			);
			runOnlyForDeploymentPostprocessing = 0;
		};
		411C32F419E8E48800C0F7BF /* Frameworks */ = {
			isa = PBXFrameworksBuildPhase;
			buildActionMask = 2147483647;
			files = (
			);
			runOnlyForDeploymentPostprocessing = 0;
		};
/* End PBXFrameworksBuildPhase section */

/* Begin PBXGroup section */
		411C32D919E8E48800C0F7BF = {
			isa = PBXGroup;
			children = (
				411C32E419E8E48800C0F7BF /* WebView Demo */,
				411C32FA19E8E48800C0F7BF /* WebView DemoTests */,
				411C32E319E8E48800C0F7BF /* Products */,
			);
			sourceTree = "<group>";
		};
		411C32E319E8E48800C0F7BF /* Products */ = {
			isa = PBXGroup;
			children = (
				411C32E219E8E48800C0F7BF /* WebView Demo.app */,
				411C32F719E8E48800C0F7BF /* WebView DemoTests.xctest */,
			);
			name = Products;
			sourceTree = "<group>";
		};
		411C32E419E8E48800C0F7BF /* WebView Demo */ = {
			isa = PBXGroup;
			children = (
				411C32E719E8E48800C0F7BF /* AppDelegate.swift */,
				411C32E919E8E48800C0F7BF /* ViewController.swift */,
				411C32EB19E8E48800C0F7BF /* Main.storyboard */,
				411C32EE19E8E48800C0F7BF /* Images.xcassets */,
				411C32F019E8E48800C0F7BF /* LaunchScreen.xib */,
				411C32E519E8E48800C0F7BF /* Supporting Files */,
			);
			path = "WebView Demo";
			sourceTree = "<group>";
		};
		411C32E519E8E48800C0F7BF /* Supporting Files */ = {
			isa = PBXGroup;
			children = (
				411C32E619E8E48800C0F7BF /* Info.plist */,
			);
			name = "Supporting Files";
			sourceTree = "<group>";
		};
		411C32FA19E8E48800C0F7BF /* WebView DemoTests */ = {
			isa = PBXGroup;
			children = (
				411C32FD19E8E48800C0F7BF /* WebView_DemoTests.swift */,
				411C32FB19E8E48800C0F7BF /* Supporting Files */,
			);
			path = "WebView DemoTests";
			sourceTree = "<group>";
		};
		411C32FB19E8E48800C0F7BF /* Supporting Files */ = {
			isa = PBXGroup;
			children = (
				411C32FC19E8E48800C0F7BF /* Info.plist */,
			);
			name = "Supporting Files";
			sourceTree = "<group>";
		};
/* End PBXGroup section */

/* Begin PBXNativeTarget section */
		411C32E119E8E48800C0F7BF /* WebView Demo */ = {
			isa = PBXNativeTarget;
			buildConfigurationList = 411C330119E8E48800C0F7BF /* Build configuration list for PBXNativeTarget "WebView Demo" */;
			buildPhases = (
				411C32DE19E8E48800C0F7BF /* Sources */,
				411C32DF19E8E48800C0F7BF /* Frameworks */,
				411C32E019E8E48800C0F7BF /* Resources */,
			);
			buildRules = (
			);
			dependencies = (
			);
			name = "WebView Demo";
			productName = "WebView Demo";
			productReference = 411C32E219E8E48800C0F7BF /* WebView Demo.app */;
			productType = "com.apple.product-type.application";
		};
		411C32F619E8E48800C0F7BF /* WebView DemoTests */ = {
			isa = PBXNativeTarget;
			buildConfigurationList = 411C330419E8E48800C0F7BF /* Build configuration list for PBXNativeTarget "WebView DemoTests" */;
			buildPhases = (
				411C32F319E8E48800C0F7BF /* Sources */,
				411C32F419E8E48800C0F7BF /* Frameworks */,
				411C32F519E8E48800C0F7BF /* Resources */,
			);
			buildRules = (
			);
			dependencies = (
				411C32F919E8E48800C0F7BF /* PBXTargetDependency */,
			);
			name = "WebView DemoTests";
			productName = "WebView DemoTests";
			productReference = 411C32F719E8E48800C0F7BF /* WebView DemoTests.xctest */;
			productType = "com.apple.product-type.bundle.unit-test";
		};
/* End PBXNativeTarget section */

/* Begin PBXProject section */
		411C32DA19E8E48800C0F7BF /* Project object */ = {
			isa = PBXProject;
			attributes = {
				LastUpgradeCheck = 0600;
				ORGANIZATIONNAME = "Ramesh Vaidyalingam";
				TargetAttributes = {
					411C32E119E8E48800C0F7BF = {
						CreatedOnToolsVersion = 6.0.1;
					};
					411C32F619E8E48800C0F7BF = {
						CreatedOnToolsVersion = 6.0.1;
						TestTargetID = 411C32E119E8E48800C0F7BF;
					};
				};
			};
			buildConfigurationList = 411C32DD19E8E48800C0F7BF /* Build configuration list for PBXProject "WebView Demo" */;
			compatibilityVersion = "Xcode 3.2";
			developmentRegion = English;
			hasScannedForEncodings = 0;
			knownRegions = (
				en,
				Base,
			);
			mainGroup = 411C32D919E8E48800C0F7BF;
			productRefGroup = 411C32E319E8E48800C0F7BF /* Products */;
			projectDirPath = "";
			projectRoot = "";
			targets = (
				411C32E119E8E48800C0F7BF /* WebView Demo */,
				411C32F619E8E48800C0F7BF /* WebView DemoTests */,
			);
		};
/* End PBXProject section */

/* Begin PBXResourcesBuildPhase section */
		411C32E019E8E48800C0F7BF /* Resources */ = {
			isa = PBXResourcesBuildPhase;
			buildActionMask = 2147483647;
			files = (
				411C32ED19E8E48800C0F7BF /* Main.storyboard in Resources */,
				411C32F219E8E48800C0F7BF /* LaunchScreen.xib in Resources */,
				411C32EF19E8E48800C0F7BF /* Images.xcassets in Resources */,
			);
			runOnlyForDeploymentPostprocessing = 0;
		};
		411C32F519E8E48800C0F7BF /* Resources */ = {
			isa = PBXResourcesBuildPhase;
			buildActionMask = 2147483647;
			files = (
			);
			runOnlyForDeploymentPostprocessing = 0;
		};
/* End PBXResourcesBuildPhase section */

/* Begin PBXSourcesBuildPhase section */
		411C32DE19E8E48800C0F7BF /* Sources */ = {
			isa = PBXSourcesBuildPhase;
			buildActionMask = 2147483647;
			files = (
				411C32EA19E8E48800C0F7BF /* ViewController.swift in Sources */,
				411C32E819E8E48800C0F7BF /* AppDelegate.swift in Sources */,
			);
			runOnlyForDeploymentPostprocessing = 0;
		};
		411C32F319E8E48800C0F7BF /* Sources */ = {
			isa = PBXSourcesBuildPhase;
			buildActionMask = 2147483647;
			files = (
				411C32FE19E8E48800C0F7BF /* WebView_DemoTests.swift in Sources */,
			);
			runOnlyForDeploymentPostprocessing = 0;
		};
/* End PBXSourcesBuildPhase section */

/* Begin PBXTargetDependency section */
		411C32F919E8E48800C0F7BF /* PBXTargetDependency */ = {
			isa = PBXTargetDependency;
			target = 411C32E119E8E48800C0F7BF /* WebView Demo */;
			targetProxy = 411C32F819E8E48800C0F7BF /* PBXContainerItemProxy */;
		};
/* End PBXTargetDependency section */

/* Begin PBXVariantGroup section */
		411C32EB19E8E48800C0F7BF /* Main.storyboard */ = {
			isa = PBXVariantGroup;
			children = (
				411C32EC19E8E48800C0F7BF /* Base */,
			);
			name = Main.storyboard;
			sourceTree = "<group>";
		};
		411C32F019E8E48800C0F7BF /* LaunchScreen.xib */ = {
			isa = PBXVariantGroup;
			children = (
				411C32F119E8E48800C0F7BF /* Base */,
			);
			name = LaunchScreen.xib;
			sourceTree = "<group>";
		};
/* End PBXVariantGroup section */

/* Begin XCBuildConfiguration section */
		411C32FF19E8E48800C0F7BF /* Debug */ = {
			isa = XCBuildConfiguration;
			buildSettings = {
				ALWAYS_SEARCH_USER_PATHS = NO;
				CLANG_CXX_LANGUAGE_STANDARD = "gnu++0x";
				CLANG_CXX_LIBRARY = "libc++";
				CLANG_ENABLE_MODULES = YES;
				CLANG_ENABLE_OBJC_ARC = YES;
				CLANG_WARN_BOOL_CONVERSION = YES;
				CLANG_WARN_CONSTANT_CONVERSION = YES;
				CLANG_WARN_DIRECT_OBJC_ISA_USAGE = YES_ERROR;
				CLANG_WARN_EMPTY_BODY = YES;
				CLANG_WARN_ENUM_CONVERSION = YES;
				CLANG_WARN_INT_CONVERSION = YES;
				CLANG_WARN_OBJC_ROOT_CLASS = YES_ERROR;
				CLANG_WARN_UNREACHABLE_CODE = YES;
				CLANG_WARN__DUPLICATE_METHOD_MATCH = YES;
				"CODE_SIGN_IDENTITY[sdk=iphoneos*]" = "iPhone Developer";
				COPY_PHASE_STRIP = NO;
				ENABLE_STRICT_OBJC_MSGSEND = YES;
				GCC_C_LANGUAGE_STANDARD = gnu99;
				GCC_DYNAMIC_NO_PIC = NO;
				GCC_OPTIMIZATION_LEVEL = 0;
				GCC_PREPROCESSOR_DEFINITIONS = (
					"DEBUG=1",
					"$(inherited)",
				);
				GCC_SYMBOLS_PRIVATE_EXTERN = NO;
				GCC_WARN_64_TO_32_BIT_CONVERSION = YES;
				GCC_WARN_ABOUT_RETURN_TYPE = YES_ERROR;
				GCC_WARN_UNDECLARED_SELECTOR = YES;
				GCC_WARN_UNINITIALIZED_AUTOS = YES_AGGRESSIVE;
				GCC_WARN_UNUSED_FUNCTION = YES;
				GCC_WARN_UNUSED_VARIABLE = YES;
				IPHONEOS_DEPLOYMENT_TARGET = 8.0;
				MTL_ENABLE_DEBUG_INFO = YES;
				ONLY_ACTIVE_ARCH = YES;
				SDKROOT = iphoneos;
				SWIFT_OPTIMIZATION_LEVEL = "-Onone";
			};
			name = Debug;
		};
		411C330019E8E48800C0F7BF /* Release */ = {
			isa = XCBuildConfiguration;
			buildSettings = {
				ALWAYS_SEARCH_USER_PATHS = NO;
				CLANG_CXX_LANGUAGE_STANDARD = "gnu++0x";
				CLANG_CXX_LIBRARY = "libc++";
				CLANG_ENABLE_MODULES = YES;
				CLANG_ENABLE_OBJC_ARC = YES;
				CLANG_WARN_BOOL_CONVERSION = YES;
				CLANG_WARN_CONSTANT_CONVERSION = YES;
				CLANG_WARN_DIRECT_OBJC_ISA_USAGE = YES_ERROR;
				CLANG_WARN_EMPTY_BODY = YES;
				CLANG_WARN_ENUM_CONVERSION = YES;
				CLANG_WARN_INT_CONVERSION = YES;
				CLANG_WARN_OBJC_ROOT_CLASS = YES_ERROR;
				CLANG_WARN_UNREACHABLE_CODE = YES;
				CLANG_WARN__DUPLICATE_METHOD_MATCH = YES;
				"CODE_SIGN_IDENTITY[sdk=iphoneos*]" = "iPhone Developer";
				COPY_PHASE_STRIP = YES;
				ENABLE_NS_ASSERTIONS = NO;
				ENABLE_STRICT_OBJC_MSGSEND = YES;
				GCC_C_LANGUAGE_STANDARD = gnu99;
				GCC_WARN_64_TO_32_BIT_CONVERSION = YES;
				GCC_WARN_ABOUT_RETURN_TYPE = YES_ERROR;
				GCC_WARN_UNDECLARED_SELECTOR = YES;
				GCC_WARN_UNINITIALIZED_AUTOS = YES_AGGRESSIVE;
				GCC_WARN_UNUSED_FUNCTION = YES;
				GCC_WARN_UNUSED_VARIABLE = YES;
				IPHONEOS_DEPLOYMENT_TARGET = 8.0;
				MTL_ENABLE_DEBUG_INFO = NO;
				SDKROOT = iphoneos;
				VALIDATE_PRODUCT = YES;
			};
			name = Release;
		};
		411C330219E8E48800C0F7BF /* Debug */ = {
			isa = XCBuildConfiguration;
			buildSettings = {
				ASSETCATALOG_COMPILER_APPICON_NAME = AppIcon;
				INFOPLIST_FILE = "WebView Demo/Info.plist";
				LD_RUNPATH_SEARCH_PATHS = "$(inherited) @executable_path/Frameworks";
				PRODUCT_NAME = "$(TARGET_NAME)";
			};
			name = Debug;
		};
		411C330319E8E48800C0F7BF /* Release */ = {
			isa = XCBuildConfiguration;
			buildSettings = {
				ASSETCATALOG_COMPILER_APPICON_NAME = AppIcon;
				INFOPLIST_FILE = "WebView Demo/Info.plist";
				LD_RUNPATH_SEARCH_PATHS = "$(inherited) @executable_path/Frameworks";
				PRODUCT_NAME = "$(TARGET_NAME)";
			};
			name = Release;
		};
		411C330519E8E48800C0F7BF /* Debug */ = {
			isa = XCBuildConfiguration;
			buildSettings = {
				BUNDLE_LOADER = "$(TEST_HOST)";
				FRAMEWORK_SEARCH_PATHS = (
					"$(SDKROOT)/Developer/Library/Frameworks",
					"$(inherited)",
				);
				GCC_PREPROCESSOR_DEFINITIONS = (
					"DEBUG=1",
					"$(inherited)",
				);
				INFOPLIST_FILE = "WebView DemoTests/Info.plist";
				LD_RUNPATH_SEARCH_PATHS = "$(inherited) @executable_path/Frameworks @loader_path/Frameworks";
				PRODUCT_NAME = "$(TARGET_NAME)";
				TEST_HOST = "$(BUILT_PRODUCTS_DIR)/WebView Demo.app/WebView Demo";
			};
			name = Debug;
		};
		411C330619E8E48800C0F7BF /* Release */ = {
			isa = XCBuildConfiguration;
			buildSettings = {
				BUNDLE_LOADER = "$(TEST_HOST)";
				FRAMEWORK_SEARCH_PATHS = (
					"$(SDKROOT)/Developer/Library/Frameworks",
					"$(inherited)",
				);
				INFOPLIST_FILE = "WebView DemoTests/Info.plist";
				LD_RUNPATH_SEARCH_PATHS = "$(inherited) @executable_path/Frameworks @loader_path/Frameworks";
				PRODUCT_NAME = "$(TARGET_NAME)";
				TEST_HOST = "$(BUILT_PRODUCTS_DIR)/WebView Demo.app/WebView Demo";
			};
			name = Release;
		};
/* End XCBuildConfiguration section */

/* Begin XCConfigurationList section */
		411C32DD19E8E48800C0F7BF /* Build configuration list for PBXProject "WebView Demo" */ = {
			isa = XCConfigurationList;
			buildConfigurations = (
				411C32FF19E8E48800C0F7BF /* Debug */,
				411C330019E8E48800C0F7BF /* Release */,
			);
			defaultConfigurationIsVisible = 0;
			defaultConfigurationName = Release;
		};
		411C330119E8E48800C0F7BF /* Build configuration list for PBXNativeTarget "WebView Demo" */ = {
			isa = XCConfigurationList;
			buildConfigurations = (
				411C330219E8E48800C0F7BF /* Debug */,
				411C330319E8E48800C0F7BF /* Release */,
			);
			defaultConfigurationIsVisible = 0;
		};
		411C330419E8E48800C0F7BF /* Build configuration list for PBXNativeTarget "WebView DemoTests" */ = {
			isa = XCConfigurationList;
			buildConfigurations = (
				411C330519E8E48800C0F7BF /* Debug */,
				411C330619E8E48800C0F7BF /* Release */,
			);
			defaultConfigurationIsVisible = 0;
		};
/* End XCConfigurationList section */
	};
	rootObject = 411C32DA19E8E48800C0F7BF /* Project object */;
}
